// !$*UTF8*$!
{
	archiveVersion = 1;
	classes = {
	};
	objectVersion = 52;
	objects = {

/* Begin PBXBuildFile section */
		E60C3D3726499213003E0355 /* CustomSlider.swift in Sources */ = {isa = PBXBuildFile; fileRef = E60C3D3626499213003E0355 /* CustomSlider.swift */; };
		E6169D3A25CAB00200AE1F06 /* MapZoomButton.swift in Sources */ = {isa = PBXBuildFile; fileRef = E6169D3925CAB00200AE1F06 /* MapZoomButton.swift */; };
		E6203F87259205FE007C8FDA /* Mapbox.framework in Frameworks */ = {isa = PBXBuildFile; fileRef = E6203F84259205FA007C8FDA /* Mapbox.framework */; };
		E6203F88259205FE007C8FDA /* Mapbox.framework in Embed Frameworks */ = {isa = PBXBuildFile; fileRef = E6203F84259205FA007C8FDA /* Mapbox.framework */; settings = {ATTRIBUTES = (CodeSignOnCopy, RemoveHeadersOnCopy, ); }; };
		E6203F8925920600007C8FDA /* MapboxMobileEvents.framework in Frameworks */ = {isa = PBXBuildFile; fileRef = E6203F83259205FA007C8FDA /* MapboxMobileEvents.framework */; };
		E6203F8A25920600007C8FDA /* MapboxMobileEvents.framework in Embed Frameworks */ = {isa = PBXBuildFile; fileRef = E6203F83259205FA007C8FDA /* MapboxMobileEvents.framework */; settings = {ATTRIBUTES = (CodeSignOnCopy, RemoveHeadersOnCopy, ); }; };
		E624EF502630545100F10967 /* ARToggleTests.swift in Sources */ = {isa = PBXBuildFile; fileRef = E624EF4F2630545100F10967 /* ARToggleTests.swift */; };
		E62B06E1263051A40089C785 /* SnapshotTesting in Frameworks */ = {isa = PBXBuildFile; productRef = E62B06E0263051A40089C785 /* SnapshotTesting */; };
		E62B06EB263052080089C785 /* MapZoomButtonTests.swift in Sources */ = {isa = PBXBuildFile; fileRef = E6F2243625E51F34000C5465 /* MapZoomButtonTests.swift */; };
		E633CD0A25D01A4B00FDB3BA /* MapRegionTests.swift in Sources */ = {isa = PBXBuildFile; fileRef = E633CD0925D01A4B00FDB3BA /* MapRegionTests.swift */; };
		E63D2BF325A320CC00788375 /* BathymetryTile.swift in Sources */ = {isa = PBXBuildFile; fileRef = E63D2BF225A320CC00788375 /* BathymetryTile.swift */; };
		E64BDF15265FE48D00069F04 /* SettingsButton.swift in Sources */ = {isa = PBXBuildFile; fileRef = E64BDF14265FE48D00069F04 /* SettingsButton.swift */; };
		E64BDF18265FE69600069F04 /* SettingsButtonTests.swift in Sources */ = {isa = PBXBuildFile; fileRef = E64BDF17265FE69600069F04 /* SettingsButtonTests.swift */; };
		E64FDE8A257D22D200B303C6 /* BathymetryApp.swift in Sources */ = {isa = PBXBuildFile; fileRef = E64FDE89257D22D200B303C6 /* BathymetryApp.swift */; };
		E64FDE8C257D22D200B303C6 /* AppView.swift in Sources */ = {isa = PBXBuildFile; fileRef = E64FDE8B257D22D200B303C6 /* AppView.swift */; };
		E64FDE8E257D22D200B303C6 /* Assets.xcassets in Resources */ = {isa = PBXBuildFile; fileRef = E64FDE8D257D22D200B303C6 /* Assets.xcassets */; };
		E64FDE96257D22D200B303C6 /* CoreData.xcdatamodeld in Sources */ = {isa = PBXBuildFile; fileRef = E64FDE94257D22D200B303C6 /* CoreData.xcdatamodeld */; };
		E64FDEA1257D22D200B303C6 /* AppTests.swift in Sources */ = {isa = PBXBuildFile; fileRef = E64FDEA0257D22D200B303C6 /* AppTests.swift */; };
		E64FDEAC257D22D200B303C6 /* BathymetryUITests.swift in Sources */ = {isa = PBXBuildFile; fileRef = E64FDEAB257D22D200B303C6 /* BathymetryUITests.swift */; };
		E654A1CB26E781C9009EE10B /* MapZoomView.swift in Sources */ = {isa = PBXBuildFile; fileRef = E654A1CA26E781C9009EE10B /* MapZoomView.swift */; };
		E654A1CD26E7863A009EE10B /* MapZoomViewTests.swift in Sources */ = {isa = PBXBuildFile; fileRef = E654A1CC26E7863A009EE10B /* MapZoomViewTests.swift */; };
		E659F6BD25E6851100058394 /* BathymetryZoomLevelTests.swift in Sources */ = {isa = PBXBuildFile; fileRef = E659F6BC25E6851100058394 /* BathymetryZoomLevelTests.swift */; };
		E65CF4122590BB57008A207C /* AppState.swift in Sources */ = {isa = PBXBuildFile; fileRef = E65CF4112590BB57008A207C /* AppState.swift */; };
		E65CF4182590BBA9008A207C /* AppAction.swift in Sources */ = {isa = PBXBuildFile; fileRef = E65CF4172590BBA9008A207C /* AppAction.swift */; };
		E65CF41C2590BBFA008A207C /* AppEnvironment.swift in Sources */ = {isa = PBXBuildFile; fileRef = E65CF41B2590BBFA008A207C /* AppEnvironment.swift */; };
		E65CF4202590BC78008A207C /* AppReducer.swift in Sources */ = {isa = PBXBuildFile; fileRef = E65CF41F2590BC78008A207C /* AppReducer.swift */; };
		E65ED9902699F94100127725 /* Snapshotting+Model.swift in Sources */ = {isa = PBXBuildFile; fileRef = E65ED98F2699F94100127725 /* Snapshotting+Model.swift */; };
		E663F85226DF6C7900226F59 /* MapRegionTests+BathymetryTile.swift in Sources */ = {isa = PBXBuildFile; fileRef = E663F85126DF6C7900226F59 /* MapRegionTests+BathymetryTile.swift */; };
		E6711BC225D40364007A4A89 /* ARToggle.swift in Sources */ = {isa = PBXBuildFile; fileRef = E6711BC125D40364007A4A89 /* ARToggle.swift */; };
		E6712C8F2646B5E40078C3A8 /* Logger+Bathymetry.swift in Sources */ = {isa = PBXBuildFile; fileRef = E6712C8E2646B5E40078C3A8 /* Logger+Bathymetry.swift */; };
		E68A859626DD1167001A6EA5 /* Euclid in Frameworks */ = {isa = PBXBuildFile; productRef = E68A859526DD1167001A6EA5 /* Euclid */; };
		E694049025C428CF00F047EC /* Bathymetry.swift in Sources */ = {isa = PBXBuildFile; fileRef = E694048F25C428CF00F047EC /* Bathymetry.swift */; };
		E695408026DCD07F00AA6664 /* TileAPI-Info.plist in Resources */ = {isa = PBXBuildFile; fileRef = E695407F26DCD07F00AA6664 /* TileAPI-Info.plist */; };
		E695408326DCD1A500AA6664 /* BathymetryTileAPIClient.swift in Sources */ = {isa = PBXBuildFile; fileRef = E695408226DCD1A500AA6664 /* BathymetryTileAPIClient.swift */; };
		E69D159D25C9809100AD1B0F /* CircularButton.swift in Sources */ = {isa = PBXBuildFile; fileRef = E69D159C25C9809100AD1B0F /* CircularButton.swift */; };
		E6B2866025A47B4600782955 /* ARBathymetryNode.swift in Sources */ = {isa = PBXBuildFile; fileRef = E6B2865F25A47B4600782955 /* ARBathymetryNode.swift */; };
		E6BFC11E25D1479000295FB2 /* MapTileTests.swift in Sources */ = {isa = PBXBuildFile; fileRef = E6BFC11D25D1479000295FB2 /* MapTileTests.swift */; };
		E6CB65BC25ADC3BD00E9070A /* StorageProvider.swift in Sources */ = {isa = PBXBuildFile; fileRef = E6CB65BB25ADC3BD00E9070A /* StorageProvider.swift */; };
		E6DE397625C9735A00D0408A /* MapRegion.swift in Sources */ = {isa = PBXBuildFile; fileRef = E6DE397525C9735A00D0408A /* MapRegion.swift */; };
		E6DE397C25C9756400D0408A /* BathymetryZoomLevel.swift in Sources */ = {isa = PBXBuildFile; fileRef = E6DE397B25C9756400D0408A /* BathymetryZoomLevel.swift */; };
		E6DED60F25A3444D0065B6D7 /* Mapbox-Info.plist in Resources */ = {isa = PBXBuildFile; fileRef = E6DED60E25A3444C0065B6D7 /* Mapbox-Info.plist */; };
		E6EF546E25BBFB90004C2478 /* README.md in Resources */ = {isa = PBXBuildFile; fileRef = E6EF546D25BBFB90004C2478 /* README.md */; };
		E6EF547325BC3534004C2478 /* MapView+MGLMapView.swift in Sources */ = {isa = PBXBuildFile; fileRef = E6EF547225BC3534004C2478 /* MapView+MGLMapView.swift */; };
		E6F1060E258A2E05000DDD25 /* ARView.swift in Sources */ = {isa = PBXBuildFile; fileRef = E6F1060D258A2E05000DDD25 /* ARView.swift */; };
		E6F10617258A3068000DDD25 /* ARCL in Frameworks */ = {isa = PBXBuildFile; productRef = E6F10616258A3068000DDD25 /* ARCL */; };
		E6F3288426DA5D5F00311833 /* BathymetryTileClientStub.swift in Sources */ = {isa = PBXBuildFile; fileRef = E6F3288326DA5D5F00311833 /* BathymetryTileClientStub.swift */; };
		E6F3288526DA5D5F00311833 /* BathymetryTileClientStub.swift in Sources */ = {isa = PBXBuildFile; fileRef = E6F3288326DA5D5F00311833 /* BathymetryTileClientStub.swift */; };
		E6F3288826DA635600311833 /* URLSession.DataTaskPublisher+StatusCode.swift in Sources */ = {isa = PBXBuildFile; fileRef = E6F3288726DA635600311833 /* URLSession.DataTaskPublisher+StatusCode.swift */; };
		E6F8C1F525811ED70051E68F /* ComposableArchitecture in Frameworks */ = {isa = PBXBuildFile; productRef = E6F8C1F425811ED70051E68F /* ComposableArchitecture */; };
		E6FB254626D9252D0033BDB9 /* BathymetryTileClient.swift in Sources */ = {isa = PBXBuildFile; fileRef = E6FB254526D9252D0033BDB9 /* BathymetryTileClient.swift */; };
		E6FB254826D93A1B0033BDB9 /* MapTile.swift in Sources */ = {isa = PBXBuildFile; fileRef = E6FB254726D93A1B0033BDB9 /* MapTile.swift */; };
		E6FB254D26D942730033BDB9 /* MapTileFake.swift in Sources */ = {isa = PBXBuildFile; fileRef = E6FB254A26D9426D0033BDB9 /* MapTileFake.swift */; };
		E6FB254E26D942740033BDB9 /* MapTileFake.swift in Sources */ = {isa = PBXBuildFile; fileRef = E6FB254A26D9426D0033BDB9 /* MapTileFake.swift */; };
		E6FB255026D945A70033BDB9 /* BathymetryTileTests.swift in Sources */ = {isa = PBXBuildFile; fileRef = E6FB254F26D945A70033BDB9 /* BathymetryTileTests.swift */; };
		E6FB255226D9480E0033BDB9 /* BathymetryTile+Fixture.swift in Sources */ = {isa = PBXBuildFile; fileRef = E6FB255126D9480E0033BDB9 /* BathymetryTile+Fixture.swift */; };
		E6FB255326D9480E0033BDB9 /* BathymetryTile+Fixture.swift in Sources */ = {isa = PBXBuildFile; fileRef = E6FB255126D9480E0033BDB9 /* BathymetryTile+Fixture.swift */; };
		E6FB255D26D94A210033BDB9 /* Assets.xcassets in Resources */ = {isa = PBXBuildFile; fileRef = E6FB255C26D94A210033BDB9 /* Assets.xcassets */; };
		E6FB255E26D94A210033BDB9 /* Assets.xcassets in Resources */ = {isa = PBXBuildFile; fileRef = E6FB255C26D94A210033BDB9 /* Assets.xcassets */; };
		E6FE7AC025824B2700C47C2B /* MapView.swift in Sources */ = {isa = PBXBuildFile; fileRef = E6FE7ABF25824B2700C47C2B /* MapView.swift */; };
/* End PBXBuildFile section */

/* Begin PBXContainerItemProxy section */
		E62B06CE2630516E0089C785 /* PBXContainerItemProxy */ = {
			isa = PBXContainerItemProxy;
			containerPortal = E64FDE7E257D22D200B303C6 /* Project object */;
			proxyType = 1;
			remoteGlobalIDString = E64FDE85257D22D200B303C6;
			remoteInfo = bathymetry;
		};
		E64FDE9D257D22D200B303C6 /* PBXContainerItemProxy */ = {
			isa = PBXContainerItemProxy;
			containerPortal = E64FDE7E257D22D200B303C6 /* Project object */;
			proxyType = 1;
			remoteGlobalIDString = E64FDE85257D22D200B303C6;
			remoteInfo = bathymetry;
		};
		E64FDEA8257D22D200B303C6 /* PBXContainerItemProxy */ = {
			isa = PBXContainerItemProxy;
			containerPortal = E64FDE7E257D22D200B303C6 /* Project object */;
			proxyType = 1;
			remoteGlobalIDString = E64FDE85257D22D200B303C6;
			remoteInfo = bathymetry;
		};
/* End PBXContainerItemProxy section */

/* Begin PBXCopyFilesBuildPhase section */
		E612C2D5258CCF700093FBC4 /* Embed Frameworks */ = {
			isa = PBXCopyFilesBuildPhase;
			buildActionMask = 12;
			dstPath = "";
			dstSubfolderSpec = 10;
			files = (
				E6203F8A25920600007C8FDA /* MapboxMobileEvents.framework in Embed Frameworks */,
				E6203F88259205FE007C8FDA /* Mapbox.framework in Embed Frameworks */,
			);
			name = "Embed Frameworks";
			runOnlyForDeploymentPostprocessing = 0;
		};
/* End PBXCopyFilesBuildPhase section */

/* Begin PBXFileReference section */
		E60C3D3626499213003E0355 /* CustomSlider.swift */ = {isa = PBXFileReference; lastKnownFileType = sourcecode.swift; path = CustomSlider.swift; sourceTree = "<group>"; };
		E6137B1E26DE7FE000A4E909 /* YabaseKihantou.gpx */ = {isa = PBXFileReference; lastKnownFileType = text.xml; name = YabaseKihantou.gpx; path = ../../../../../Downloads/YabaseKihantou.gpx; sourceTree = "<group>"; };
		E6169D3925CAB00200AE1F06 /* MapZoomButton.swift */ = {isa = PBXFileReference; lastKnownFileType = sourcecode.swift; path = MapZoomButton.swift; sourceTree = "<group>"; };
		E6203F83259205FA007C8FDA /* MapboxMobileEvents.framework */ = {isa = PBXFileReference; lastKnownFileType = wrapper.framework; path = MapboxMobileEvents.framework; sourceTree = "<group>"; };
		E6203F84259205FA007C8FDA /* Mapbox.framework */ = {isa = PBXFileReference; lastKnownFileType = wrapper.framework; path = Mapbox.framework; sourceTree = "<group>"; };
		E624EF4F2630545100F10967 /* ARToggleTests.swift */ = {isa = PBXFileReference; lastKnownFileType = sourcecode.swift; path = ARToggleTests.swift; sourceTree = "<group>"; };
		E62B06C92630516E0089C785 /* bathymetrySnapshotTests.xctest */ = {isa = PBXFileReference; explicitFileType = wrapper.cfbundle; includeInIndex = 0; path = bathymetrySnapshotTests.xctest; sourceTree = BUILT_PRODUCTS_DIR; };
		E62B06CD2630516E0089C785 /* Info.plist */ = {isa = PBXFileReference; lastKnownFileType = text.plist.xml; path = Info.plist; sourceTree = "<group>"; };
		E633CD0925D01A4B00FDB3BA /* MapRegionTests.swift */ = {isa = PBXFileReference; lastKnownFileType = sourcecode.swift; path = MapRegionTests.swift; sourceTree = "<group>"; };
		E63D2BF225A320CC00788375 /* BathymetryTile.swift */ = {isa = PBXFileReference; lastKnownFileType = sourcecode.swift; path = BathymetryTile.swift; sourceTree = "<group>"; };
		E64BDF14265FE48D00069F04 /* SettingsButton.swift */ = {isa = PBXFileReference; lastKnownFileType = sourcecode.swift; path = SettingsButton.swift; sourceTree = "<group>"; };
		E64BDF17265FE69600069F04 /* SettingsButtonTests.swift */ = {isa = PBXFileReference; lastKnownFileType = sourcecode.swift; path = SettingsButtonTests.swift; sourceTree = "<group>"; };
		E64FDE86257D22D200B303C6 /* Bathymetry.app */ = {isa = PBXFileReference; explicitFileType = wrapper.application; includeInIndex = 0; path = Bathymetry.app; sourceTree = BUILT_PRODUCTS_DIR; };
		E64FDE89257D22D200B303C6 /* BathymetryApp.swift */ = {isa = PBXFileReference; lastKnownFileType = sourcecode.swift; path = BathymetryApp.swift; sourceTree = "<group>"; };
		E64FDE8B257D22D200B303C6 /* AppView.swift */ = {isa = PBXFileReference; lastKnownFileType = sourcecode.swift; path = AppView.swift; sourceTree = "<group>"; };
		E64FDE8D257D22D200B303C6 /* Assets.xcassets */ = {isa = PBXFileReference; lastKnownFileType = folder.assetcatalog; path = Assets.xcassets; sourceTree = "<group>"; };
		E64FDE95257D22D200B303C6 /* Bathymetry.xcdatamodel */ = {isa = PBXFileReference; lastKnownFileType = wrapper.xcdatamodel; path = Bathymetry.xcdatamodel; sourceTree = "<group>"; };
		E64FDE97257D22D200B303C6 /* Info.plist */ = {isa = PBXFileReference; lastKnownFileType = text.plist.xml; path = Info.plist; sourceTree = "<group>"; };
		E64FDE9C257D22D200B303C6 /* bathymetryTests.xctest */ = {isa = PBXFileReference; explicitFileType = wrapper.cfbundle; includeInIndex = 0; path = bathymetryTests.xctest; sourceTree = BUILT_PRODUCTS_DIR; };
		E64FDEA0257D22D200B303C6 /* AppTests.swift */ = {isa = PBXFileReference; lastKnownFileType = sourcecode.swift; path = AppTests.swift; sourceTree = "<group>"; };
		E64FDEA2257D22D200B303C6 /* Info.plist */ = {isa = PBXFileReference; lastKnownFileType = text.plist.xml; path = Info.plist; sourceTree = "<group>"; };
		E64FDEA7257D22D200B303C6 /* bathymetryUITests.xctest */ = {isa = PBXFileReference; explicitFileType = wrapper.cfbundle; includeInIndex = 0; path = bathymetryUITests.xctest; sourceTree = BUILT_PRODUCTS_DIR; };
		E64FDEAB257D22D200B303C6 /* BathymetryUITests.swift */ = {isa = PBXFileReference; lastKnownFileType = sourcecode.swift; path = BathymetryUITests.swift; sourceTree = "<group>"; };
		E64FDEAD257D22D200B303C6 /* Info.plist */ = {isa = PBXFileReference; lastKnownFileType = text.plist.xml; path = Info.plist; sourceTree = "<group>"; };
		E654A1CA26E781C9009EE10B /* MapZoomView.swift */ = {isa = PBXFileReference; lastKnownFileType = sourcecode.swift; path = MapZoomView.swift; sourceTree = "<group>"; };
		E654A1CC26E7863A009EE10B /* MapZoomViewTests.swift */ = {isa = PBXFileReference; lastKnownFileType = sourcecode.swift; path = MapZoomViewTests.swift; sourceTree = "<group>"; };
		E659F6BC25E6851100058394 /* BathymetryZoomLevelTests.swift */ = {isa = PBXFileReference; lastKnownFileType = sourcecode.swift; path = BathymetryZoomLevelTests.swift; sourceTree = "<group>"; };
		E65CF4112590BB57008A207C /* AppState.swift */ = {isa = PBXFileReference; lastKnownFileType = sourcecode.swift; path = AppState.swift; sourceTree = "<group>"; };
		E65CF4172590BBA9008A207C /* AppAction.swift */ = {isa = PBXFileReference; lastKnownFileType = sourcecode.swift; path = AppAction.swift; sourceTree = "<group>"; };
		E65CF41B2590BBFA008A207C /* AppEnvironment.swift */ = {isa = PBXFileReference; lastKnownFileType = sourcecode.swift; path = AppEnvironment.swift; sourceTree = "<group>"; };
		E65CF41F2590BC78008A207C /* AppReducer.swift */ = {isa = PBXFileReference; lastKnownFileType = sourcecode.swift; path = AppReducer.swift; sourceTree = "<group>"; };
		E65ED98F2699F94100127725 /* Snapshotting+Model.swift */ = {isa = PBXFileReference; fileEncoding = 4; lastKnownFileType = sourcecode.swift; path = "Snapshotting+Model.swift"; sourceTree = "<group>"; };
		E663F85126DF6C7900226F59 /* MapRegionTests+BathymetryTile.swift */ = {isa = PBXFileReference; lastKnownFileType = sourcecode.swift; path = "MapRegionTests+BathymetryTile.swift"; sourceTree = "<group>"; };
		E6711BC125D40364007A4A89 /* ARToggle.swift */ = {isa = PBXFileReference; lastKnownFileType = sourcecode.swift; path = ARToggle.swift; sourceTree = "<group>"; };
		E6712C8E2646B5E40078C3A8 /* Logger+Bathymetry.swift */ = {isa = PBXFileReference; lastKnownFileType = sourcecode.swift; path = "Logger+Bathymetry.swift"; sourceTree = "<group>"; };
		E694048F25C428CF00F047EC /* Bathymetry.swift */ = {isa = PBXFileReference; lastKnownFileType = sourcecode.swift; path = Bathymetry.swift; sourceTree = "<group>"; };
		E695407F26DCD07F00AA6664 /* TileAPI-Info.plist */ = {isa = PBXFileReference; fileEncoding = 4; lastKnownFileType = text.plist.xml; path = "TileAPI-Info.plist"; sourceTree = "<group>"; };
		E695408226DCD1A500AA6664 /* BathymetryTileAPIClient.swift */ = {isa = PBXFileReference; lastKnownFileType = sourcecode.swift; path = BathymetryTileAPIClient.swift; sourceTree = "<group>"; };
		E69D159C25C9809100AD1B0F /* CircularButton.swift */ = {isa = PBXFileReference; lastKnownFileType = sourcecode.swift; path = CircularButton.swift; sourceTree = "<group>"; };
		E6B2865F25A47B4600782955 /* ARBathymetryNode.swift */ = {isa = PBXFileReference; lastKnownFileType = sourcecode.swift; path = ARBathymetryNode.swift; sourceTree = "<group>"; };
		E6BFC11D25D1479000295FB2 /* MapTileTests.swift */ = {isa = PBXFileReference; lastKnownFileType = sourcecode.swift; path = MapTileTests.swift; sourceTree = "<group>"; };
		E6CB65BB25ADC3BD00E9070A /* StorageProvider.swift */ = {isa = PBXFileReference; fileEncoding = 4; lastKnownFileType = sourcecode.swift; path = StorageProvider.swift; sourceTree = "<group>"; };
		E6DE397525C9735A00D0408A /* MapRegion.swift */ = {isa = PBXFileReference; lastKnownFileType = sourcecode.swift; path = MapRegion.swift; sourceTree = "<group>"; };
		E6DE397B25C9756400D0408A /* BathymetryZoomLevel.swift */ = {isa = PBXFileReference; lastKnownFileType = sourcecode.swift; path = BathymetryZoomLevel.swift; sourceTree = "<group>"; };
		E6DED60E25A3444C0065B6D7 /* Mapbox-Info.plist */ = {isa = PBXFileReference; fileEncoding = 4; lastKnownFileType = text.plist.xml; path = "Mapbox-Info.plist"; sourceTree = "<group>"; };
		E6EF546D25BBFB90004C2478 /* README.md */ = {isa = PBXFileReference; fileEncoding = 4; lastKnownFileType = net.daringfireball.markdown; path = README.md; sourceTree = SOURCE_ROOT; };
		E6EF547225BC3534004C2478 /* MapView+MGLMapView.swift */ = {isa = PBXFileReference; lastKnownFileType = sourcecode.swift; path = "MapView+MGLMapView.swift"; sourceTree = "<group>"; };
		E6F1060D258A2E05000DDD25 /* ARView.swift */ = {isa = PBXFileReference; lastKnownFileType = sourcecode.swift; path = ARView.swift; sourceTree = "<group>"; };
		E6F2243625E51F34000C5465 /* MapZoomButtonTests.swift */ = {isa = PBXFileReference; lastKnownFileType = sourcecode.swift; path = MapZoomButtonTests.swift; sourceTree = "<group>"; };
		E6F3288326DA5D5F00311833 /* BathymetryTileClientStub.swift */ = {isa = PBXFileReference; lastKnownFileType = sourcecode.swift; path = BathymetryTileClientStub.swift; sourceTree = "<group>"; };
		E6F3288726DA635600311833 /* URLSession.DataTaskPublisher+StatusCode.swift */ = {isa = PBXFileReference; lastKnownFileType = sourcecode.swift; path = "URLSession.DataTaskPublisher+StatusCode.swift"; sourceTree = "<group>"; };
		E6FB254526D9252D0033BDB9 /* BathymetryTileClient.swift */ = {isa = PBXFileReference; lastKnownFileType = sourcecode.swift; path = BathymetryTileClient.swift; sourceTree = "<group>"; };
		E6FB254726D93A1B0033BDB9 /* MapTile.swift */ = {isa = PBXFileReference; lastKnownFileType = sourcecode.swift; path = MapTile.swift; sourceTree = "<group>"; };
		E6FB254A26D9426D0033BDB9 /* MapTileFake.swift */ = {isa = PBXFileReference; lastKnownFileType = sourcecode.swift; path = MapTileFake.swift; sourceTree = "<group>"; };
		E6FB254F26D945A70033BDB9 /* BathymetryTileTests.swift */ = {isa = PBXFileReference; lastKnownFileType = sourcecode.swift; path = BathymetryTileTests.swift; sourceTree = "<group>"; };
		E6FB255126D9480E0033BDB9 /* BathymetryTile+Fixture.swift */ = {isa = PBXFileReference; lastKnownFileType = sourcecode.swift; path = "BathymetryTile+Fixture.swift"; sourceTree = "<group>"; };
		E6FB255C26D94A210033BDB9 /* Assets.xcassets */ = {isa = PBXFileReference; lastKnownFileType = folder.assetcatalog; path = Assets.xcassets; sourceTree = "<group>"; };
		E6FE7ABF25824B2700C47C2B /* MapView.swift */ = {isa = PBXFileReference; fileEncoding = 4; lastKnownFileType = sourcecode.swift; path = MapView.swift; sourceTree = "<group>"; };
/* End PBXFileReference section */

/* Begin PBXFrameworksBuildPhase section */
		E62B06C62630516E0089C785 /* Frameworks */ = {
			isa = PBXFrameworksBuildPhase;
			buildActionMask = 2147483647;
			files = (
				E62B06E1263051A40089C785 /* SnapshotTesting in Frameworks */,
			);
			runOnlyForDeploymentPostprocessing = 0;
		};
		E64FDE83257D22D200B303C6 /* Frameworks */ = {
			isa = PBXFrameworksBuildPhase;
			buildActionMask = 2147483647;
			files = (
				E68A859626DD1167001A6EA5 /* Euclid in Frameworks */,
				E6203F87259205FE007C8FDA /* Mapbox.framework in Frameworks */,
				E6F10617258A3068000DDD25 /* ARCL in Frameworks */,
				E6F8C1F525811ED70051E68F /* ComposableArchitecture in Frameworks */,
				E6203F8925920600007C8FDA /* MapboxMobileEvents.framework in Frameworks */,
			);
			runOnlyForDeploymentPostprocessing = 0;
		};
		E64FDE99257D22D200B303C6 /* Frameworks */ = {
			isa = PBXFrameworksBuildPhase;
			buildActionMask = 2147483647;
			files = (
			);
			runOnlyForDeploymentPostprocessing = 0;
		};
		E64FDEA4257D22D200B303C6 /* Frameworks */ = {
			isa = PBXFrameworksBuildPhase;
			buildActionMask = 2147483647;
			files = (
			);
			runOnlyForDeploymentPostprocessing = 0;
		};
/* End PBXFrameworksBuildPhase section */

/* Begin PBXGroup section */
		E6171D6125B080CE00161E28 /* Extensions */ = {
			isa = PBXGroup;
			children = (
				E6F3288626DA634200311833 /* Foundation */,
				E6712C8D2646B5B00078C3A8 /* OS */,
				E69D159B25C9806B00AD1B0F /* SwiftUI */,
			);
			path = Extensions;
			sourceTree = "<group>";
		};
		E624EF4E2630544500F10967 /* AR */ = {
			isa = PBXGroup;
			children = (
				E624EF4F2630545100F10967 /* ARToggleTests.swift */,
			);
			path = AR;
			sourceTree = "<group>";
		};
		E62B06CA2630516E0089C785 /* bathymetrySnapshotTests */ = {
			isa = PBXGroup;
			children = (
				E65ED98F2699F94100127725 /* Snapshotting+Model.swift */,
				E624EF4E2630544500F10967 /* AR */,
				E62B06F1263052FC0089C785 /* Bathymetry */,
				E6F2243525E51F1B000C5465 /* Map */,
				E64BDF16265FE67E00069F04 /* Settings */,
				E62B06CD2630516E0089C785 /* Info.plist */,
			);
			path = bathymetrySnapshotTests;
			sourceTree = "<group>";
		};
		E62B06F1263052FC0089C785 /* Bathymetry */ = {
			isa = PBXGroup;
			children = (
			);
			path = Bathymetry;
			sourceTree = "<group>";
		};
		E64BDF13265FE47100069F04 /* Settings */ = {
			isa = PBXGroup;
			children = (
				E64BDF14265FE48D00069F04 /* SettingsButton.swift */,
			);
			path = Settings;
			sourceTree = "<group>";
		};
		E64BDF16265FE67E00069F04 /* Settings */ = {
			isa = PBXGroup;
			children = (
				E64BDF17265FE69600069F04 /* SettingsButtonTests.swift */,
			);
			path = Settings;
			sourceTree = "<group>";
		};
		E64FDE7D257D22D200B303C6 = {
			isa = PBXGroup;
			children = (
				E6137B1E26DE7FE000A4E909 /* YabaseKihantou.gpx */,
				E64FDE88257D22D200B303C6 /* bathymetry */,
				E6FE7AB125823FBA00C47C2B /* Frameworks */,
				E66B893126AAF85A008DCE2C /* Tests */,
				E64FDE9F257D22D200B303C6 /* bathymetryTests */,
				E62B06CA2630516E0089C785 /* bathymetrySnapshotTests */,
				E64FDEAA257D22D200B303C6 /* bathymetryUITests */,
				E64FDE87257D22D200B303C6 /* Products */,
			);
			sourceTree = "<group>";
		};
		E64FDE87257D22D200B303C6 /* Products */ = {
			isa = PBXGroup;
			children = (
				E64FDE86257D22D200B303C6 /* Bathymetry.app */,
				E64FDE9C257D22D200B303C6 /* bathymetryTests.xctest */,
				E64FDEA7257D22D200B303C6 /* bathymetryUITests.xctest */,
				E62B06C92630516E0089C785 /* bathymetrySnapshotTests.xctest */,
			);
			name = Products;
			sourceTree = "<group>";
		};
		E64FDE88257D22D200B303C6 /* bathymetry */ = {
			isa = PBXGroup;
			children = (
				E64FDE89257D22D200B303C6 /* BathymetryApp.swift */,
				E64FDE8D257D22D200B303C6 /* Assets.xcassets */,
				E64FDE97257D22D200B303C6 /* Info.plist */,
				E6DED60E25A3444C0065B6D7 /* Mapbox-Info.plist */,
				E695407F26DCD07F00AA6664 /* TileAPI-Info.plist */,
				E6EF546D25BBFB90004C2478 /* README.md */,
				E65CF4102590BB0A008A207C /* App */,
				E6F1060C258A2DDB000DDD25 /* AR */,
				E6DD5BAE25A08C7200860C4B /* Bathymetry */,
				E6CB65BA25ADC35A00E9070A /* CoreData */,
				E6171D6125B080CE00161E28 /* Extensions */,
				E6FE7ABE25824AF000C47C2B /* Map */,
				E64BDF13265FE47100069F04 /* Settings */,
			);
			path = bathymetry;
			sourceTree = "<group>";
		};
		E64FDE9F257D22D200B303C6 /* bathymetryTests */ = {
			isa = PBXGroup;
			children = (
				E6DF6DFB25C97E1500D6572D /* App */,
				E6DF6DFE25C97E2500D6572D /* Bathymetry */,
				E6FB254926D9410D0033BDB9 /* Map */,
				E64FDEA2257D22D200B303C6 /* Info.plist */,
			);
			path = bathymetryTests;
			sourceTree = "<group>";
		};
		E64FDEAA257D22D200B303C6 /* bathymetryUITests */ = {
			isa = PBXGroup;
			children = (
				E64FDEAB257D22D200B303C6 /* BathymetryUITests.swift */,
				E64FDEAD257D22D200B303C6 /* Info.plist */,
			);
			path = bathymetryUITests;
			sourceTree = "<group>";
		};
		E65CF4102590BB0A008A207C /* App */ = {
			isa = PBXGroup;
			children = (
				E64FDE8B257D22D200B303C6 /* AppView.swift */,
				E65CF4112590BB57008A207C /* AppState.swift */,
				E65CF4172590BBA9008A207C /* AppAction.swift */,
				E65CF41B2590BBFA008A207C /* AppEnvironment.swift */,
				E65CF41F2590BC78008A207C /* AppReducer.swift */,
			);
			path = App;
			sourceTree = "<group>";
		};
		E66B893126AAF85A008DCE2C /* Tests */ = {
			isa = PBXGroup;
			children = (
				E6FB255526D9483F0033BDB9 /* Bathymetry */,
				E6FB255426D948360033BDB9 /* Map */,
				E6FB255C26D94A210033BDB9 /* Assets.xcassets */,
			);
			path = Tests;
			sourceTree = "<group>";
		};
		E6712C8D2646B5B00078C3A8 /* OS */ = {
			isa = PBXGroup;
			children = (
				E6712C8E2646B5E40078C3A8 /* Logger+Bathymetry.swift */,
			);
			path = OS;
			sourceTree = "<group>";
		};
		E695408126DCD11800AA6664 /* TileAPI */ = {
			isa = PBXGroup;
			children = (
				E695408226DCD1A500AA6664 /* BathymetryTileAPIClient.swift */,
			);
			path = TileAPI;
			sourceTree = "<group>";
		};
		E69D159B25C9806B00AD1B0F /* SwiftUI */ = {
			isa = PBXGroup;
			children = (
				E69D159C25C9809100AD1B0F /* CircularButton.swift */,
				E60C3D3626499213003E0355 /* CustomSlider.swift */,
			);
			path = SwiftUI;
			sourceTree = "<group>";
		};
		E6CB65BA25ADC35A00E9070A /* CoreData */ = {
			isa = PBXGroup;
			children = (
				E64FDE94257D22D200B303C6 /* CoreData.xcdatamodeld */,
				E6CB65BB25ADC3BD00E9070A /* StorageProvider.swift */,
			);
			path = CoreData;
			sourceTree = "<group>";
		};
		E6DD5BAE25A08C7200860C4B /* Bathymetry */ = {
			isa = PBXGroup;
			children = (
				E695408126DCD11800AA6664 /* TileAPI */,
				E694048F25C428CF00F047EC /* Bathymetry.swift */,
				E63D2BF225A320CC00788375 /* BathymetryTile.swift */,
				E6FB254526D9252D0033BDB9 /* BathymetryTileClient.swift */,
				E6DE397B25C9756400D0408A /* BathymetryZoomLevel.swift */,
			);
			path = Bathymetry;
			sourceTree = "<group>";
		};
		E6DF6DFB25C97E1500D6572D /* App */ = {
			isa = PBXGroup;
			children = (
				E64FDEA0257D22D200B303C6 /* AppTests.swift */,
			);
			name = App;
			sourceTree = "<group>";
		};
		E6DF6DFE25C97E2500D6572D /* Bathymetry */ = {
			isa = PBXGroup;
			children = (
				E6FB254F26D945A70033BDB9 /* BathymetryTileTests.swift */,
				E659F6BC25E6851100058394 /* BathymetryZoomLevelTests.swift */,
			);
			path = Bathymetry;
			sourceTree = "<group>";
		};
		E6EF547125BC31E8004C2478 /* Mapbox */ = {
			isa = PBXGroup;
			children = (
				E6EF547225BC3534004C2478 /* MapView+MGLMapView.swift */,
			);
			path = Mapbox;
			sourceTree = "<group>";
		};
		E6F1060C258A2DDB000DDD25 /* AR */ = {
			isa = PBXGroup;
			children = (
				E6F1060D258A2E05000DDD25 /* ARView.swift */,
				E6711BC125D40364007A4A89 /* ARToggle.swift */,
				E6B2865F25A47B4600782955 /* ARBathymetryNode.swift */,
			);
			path = AR;
			sourceTree = "<group>";
		};
		E6F2243525E51F1B000C5465 /* Map */ = {
			isa = PBXGroup;
			children = (
				E6F2243625E51F34000C5465 /* MapZoomButtonTests.swift */,
				E654A1CC26E7863A009EE10B /* MapZoomViewTests.swift */,
			);
			path = Map;
			sourceTree = "<group>";
		};
		E6F3288626DA634200311833 /* Foundation */ = {
			isa = PBXGroup;
			children = (
				E6F3288726DA635600311833 /* URLSession.DataTaskPublisher+StatusCode.swift */,
			);
			path = Foundation;
			sourceTree = "<group>";
		};
		E6FB254926D9410D0033BDB9 /* Map */ = {
			isa = PBXGroup;
			children = (
				E633CD0925D01A4B00FDB3BA /* MapRegionTests.swift */,
				E663F85126DF6C7900226F59 /* MapRegionTests+BathymetryTile.swift */,
				E6BFC11D25D1479000295FB2 /* MapTileTests.swift */,
			);
			path = Map;
			sourceTree = "<group>";
		};
		E6FB255426D948360033BDB9 /* Map */ = {
			isa = PBXGroup;
			children = (
				E6FB254A26D9426D0033BDB9 /* MapTileFake.swift */,
			);
			path = Map;
			sourceTree = "<group>";
		};
		E6FB255526D9483F0033BDB9 /* Bathymetry */ = {
			isa = PBXGroup;
			children = (
				E6FB255126D9480E0033BDB9 /* BathymetryTile+Fixture.swift */,
				E6F3288326DA5D5F00311833 /* BathymetryTileClientStub.swift */,
			);
			path = Bathymetry;
			sourceTree = "<group>";
		};
		E6FE7AB125823FBA00C47C2B /* Frameworks */ = {
			isa = PBXGroup;
			children = (
				E6203F84259205FA007C8FDA /* Mapbox.framework */,
				E6203F83259205FA007C8FDA /* MapboxMobileEvents.framework */,
			);
			path = Frameworks;
			sourceTree = "<group>";
		};
		E6FE7ABE25824AF000C47C2B /* Map */ = {
			isa = PBXGroup;
			children = (
				E6EF547125BC31E8004C2478 /* Mapbox */,
				E6DE397525C9735A00D0408A /* MapRegion.swift */,
				E6FB254726D93A1B0033BDB9 /* MapTile.swift */,
				E6FE7ABF25824B2700C47C2B /* MapView.swift */,
				E6169D3925CAB00200AE1F06 /* MapZoomButton.swift */,
				E654A1CA26E781C9009EE10B /* MapZoomView.swift */,
			);
			path = Map;
			sourceTree = "<group>";
		};
/* End PBXGroup section */

/* Begin PBXNativeTarget section */
		E62B06C82630516E0089C785 /* bathymetrySnapshotTests */ = {
			isa = PBXNativeTarget;
			buildConfigurationList = E62B06D02630516E0089C785 /* Build configuration list for PBXNativeTarget "bathymetrySnapshotTests" */;
			buildPhases = (
				E62B06C52630516E0089C785 /* Sources */,
				E62B06C62630516E0089C785 /* Frameworks */,
				E62B06C72630516E0089C785 /* Resources */,
			);
			buildRules = (
			);
			dependencies = (
				E62B06CF2630516E0089C785 /* PBXTargetDependency */,
			);
			name = bathymetrySnapshotTests;
			packageProductDependencies = (
				E62B06E0263051A40089C785 /* SnapshotTesting */,
			);
			productName = bathymetrySnapshotTests;
			productReference = E62B06C92630516E0089C785 /* bathymetrySnapshotTests.xctest */;
			productType = "com.apple.product-type.bundle.unit-test";
		};
		E64FDE85257D22D200B303C6 /* bathymetry */ = {
			isa = PBXNativeTarget;
			buildConfigurationList = E64FDEB0257D22D200B303C6 /* Build configuration list for PBXNativeTarget "bathymetry" */;
			buildPhases = (
				E663BBB926DFD55A00E0D9D4 /* Mapbox-Info.plist */,
				E663BBBA26DFD63C00E0D9D4 /* TileAPI-Info.plist */,
				E64FDE82257D22D200B303C6 /* Sources */,
				E64FDE83257D22D200B303C6 /* Frameworks */,
				E64FDE84257D22D200B303C6 /* Resources */,
				E61F780725878D74001EDAC5 /* Swiftlint */,
				E612C2D5258CCF700093FBC4 /* Embed Frameworks */,
				E66018A4261B3C170029524B /* Mapbox Framework */,
			);
			buildRules = (
			);
			dependencies = (
			);
			name = bathymetry;
			packageProductDependencies = (
				E6F8C1F425811ED70051E68F /* ComposableArchitecture */,
				E6F10616258A3068000DDD25 /* ARCL */,
				E68A859526DD1167001A6EA5 /* Euclid */,
			);
			productName = bathymetry;
			productReference = E64FDE86257D22D200B303C6 /* Bathymetry.app */;
			productType = "com.apple.product-type.application";
		};
		E64FDE9B257D22D200B303C6 /* bathymetryTests */ = {
			isa = PBXNativeTarget;
			buildConfigurationList = E64FDEB3257D22D200B303C6 /* Build configuration list for PBXNativeTarget "bathymetryTests" */;
			buildPhases = (
				E64FDE98257D22D200B303C6 /* Sources */,
				E64FDE99257D22D200B303C6 /* Frameworks */,
				E64FDE9A257D22D200B303C6 /* Resources */,
			);
			buildRules = (
			);
			dependencies = (
				E64FDE9E257D22D200B303C6 /* PBXTargetDependency */,
			);
			name = bathymetryTests;
			packageProductDependencies = (
			);
			productName = bathymetryTests;
			productReference = E64FDE9C257D22D200B303C6 /* bathymetryTests.xctest */;
			productType = "com.apple.product-type.bundle.unit-test";
		};
		E64FDEA6257D22D200B303C6 /* bathymetryUITests */ = {
			isa = PBXNativeTarget;
			buildConfigurationList = E64FDEB6257D22D200B303C6 /* Build configuration list for PBXNativeTarget "bathymetryUITests" */;
			buildPhases = (
				E64FDEA3257D22D200B303C6 /* Sources */,
				E64FDEA4257D22D200B303C6 /* Frameworks */,
				E64FDEA5257D22D200B303C6 /* Resources */,
			);
			buildRules = (
			);
			dependencies = (
				E64FDEA9257D22D200B303C6 /* PBXTargetDependency */,
			);
			name = bathymetryUITests;
			productName = bathymetryUITests;
			productReference = E64FDEA7257D22D200B303C6 /* bathymetryUITests.xctest */;
			productType = "com.apple.product-type.bundle.ui-testing";
		};
/* End PBXNativeTarget section */

/* Begin PBXProject section */
		E64FDE7E257D22D200B303C6 /* Project object */ = {
			isa = PBXProject;
			attributes = {
				LastSwiftUpdateCheck = 1240;
				LastUpgradeCheck = 1220;
				TargetAttributes = {
					E62B06C82630516E0089C785 = {
						CreatedOnToolsVersion = 12.4;
						TestTargetID = E64FDE85257D22D200B303C6;
					};
					E64FDE85257D22D200B303C6 = {
						CreatedOnToolsVersion = 12.2;
					};
					E64FDE9B257D22D200B303C6 = {
						CreatedOnToolsVersion = 12.2;
						TestTargetID = E64FDE85257D22D200B303C6;
					};
					E64FDEA6257D22D200B303C6 = {
						CreatedOnToolsVersion = 12.2;
						TestTargetID = E64FDE85257D22D200B303C6;
					};
				};
			};
			buildConfigurationList = E64FDE81257D22D200B303C6 /* Build configuration list for PBXProject "bathymetry" */;
			compatibilityVersion = "Xcode 9.3";
			developmentRegion = en;
			hasScannedForEncodings = 0;
			knownRegions = (
				en,
				Base,
			);
			mainGroup = E64FDE7D257D22D200B303C6;
			packageReferences = (
				E6F8C1F325811ED70051E68F /* XCRemoteSwiftPackageReference "swift-composable-architecture" */,
				E6F10615258A3068000DDD25 /* XCRemoteSwiftPackageReference "ARKit-CoreLocation" */,
				E62B06DF263051A40089C785 /* XCRemoteSwiftPackageReference "swift-snapshot-testing" */,
				E68A859426DD1167001A6EA5 /* XCRemoteSwiftPackageReference "Euclid" */,
			);
			productRefGroup = E64FDE87257D22D200B303C6 /* Products */;
			projectDirPath = "";
			projectRoot = "";
			targets = (
				E64FDE85257D22D200B303C6 /* bathymetry */,
				E64FDE9B257D22D200B303C6 /* bathymetryTests */,
				E64FDEA6257D22D200B303C6 /* bathymetryUITests */,
				E62B06C82630516E0089C785 /* bathymetrySnapshotTests */,
			);
		};
/* End PBXProject section */

/* Begin PBXResourcesBuildPhase section */
		E62B06C72630516E0089C785 /* Resources */ = {
			isa = PBXResourcesBuildPhase;
			buildActionMask = 2147483647;
			files = (
				E6FB255E26D94A210033BDB9 /* Assets.xcassets in Resources */,
			);
			runOnlyForDeploymentPostprocessing = 0;
		};
		E64FDE84257D22D200B303C6 /* Resources */ = {
			isa = PBXResourcesBuildPhase;
			buildActionMask = 2147483647;
			files = (
				E6EF546E25BBFB90004C2478 /* README.md in Resources */,
				E695408026DCD07F00AA6664 /* TileAPI-Info.plist in Resources */,
				E64FDE8E257D22D200B303C6 /* Assets.xcassets in Resources */,
				E6DED60F25A3444D0065B6D7 /* Mapbox-Info.plist in Resources */,
			);
			runOnlyForDeploymentPostprocessing = 0;
		};
		E64FDE9A257D22D200B303C6 /* Resources */ = {
			isa = PBXResourcesBuildPhase;
			buildActionMask = 2147483647;
			files = (
				E6FB255D26D94A210033BDB9 /* Assets.xcassets in Resources */,
			);
			runOnlyForDeploymentPostprocessing = 0;
		};
		E64FDEA5257D22D200B303C6 /* Resources */ = {
			isa = PBXResourcesBuildPhase;
			buildActionMask = 2147483647;
			files = (
			);
			runOnlyForDeploymentPostprocessing = 0;
		};
/* End PBXResourcesBuildPhase section */

/* Begin PBXShellScriptBuildPhase section */
		E61F780725878D74001EDAC5 /* Swiftlint */ = {
			isa = PBXShellScriptBuildPhase;
			buildActionMask = 2147483647;
			files = (
			);
			inputFileListPaths = (
			);
			inputPaths = (
			);
			name = Swiftlint;
			outputFileListPaths = (
			);
			outputPaths = (
			);
			runOnlyForDeploymentPostprocessing = 0;
			shellPath = /bin/sh;
			shellScript = "if which swiftlint >/dev/null; then\n  swiftlint\nelse\n  echo \"warning: SwiftLint not installed, download from https://github.com/realm/SwiftLint\"\nfi\n";
		};
		E66018A4261B3C170029524B /* Mapbox Framework */ = {
			isa = PBXShellScriptBuildPhase;
			buildActionMask = 2147483647;
			files = (
			);
			inputFileListPaths = (
			);
			inputPaths = (
			);
			name = "Mapbox Framework";
			outputFileListPaths = (
			);
			outputPaths = (
			);
			runOnlyForDeploymentPostprocessing = 0;
			shellPath = /bin/sh;
			shellScript = "bash \"${BUILT_PRODUCTS_DIR}/${FRAMEWORKS_FOLDER_PATH}/Mapbox.framework/strip-frameworks.sh\"\n";
		};
		E663BBB926DFD55A00E0D9D4 /* Mapbox-Info.plist */ = {
			isa = PBXShellScriptBuildPhase;
			buildActionMask = 2147483647;
			files = (
			);
			inputFileListPaths = (
			);
			inputPaths = (
			);
			name = "Mapbox-Info.plist";
			outputFileListPaths = (
			);
			outputPaths = (
			);
			runOnlyForDeploymentPostprocessing = 0;
			shellPath = /bin/sh;
			shellScript = "# Type a script or drag a script file from your workspace to insert its path.\ntarget_file=\"${SRCROOT}/bathymetry/Mapbox-Info.plist\"\nexample_file=\"${SRCROOT}/bathymetry/Mapbox-Example-Info.plist\"\nif [ ! -f \"$target_file\" ]; then\n    cp \"$example_file\" \"$target_file\"\nfi\n";
		};
		E663BBBA26DFD63C00E0D9D4 /* TileAPI-Info.plist */ = {
			isa = PBXShellScriptBuildPhase;
			buildActionMask = 2147483647;
			files = (
			);
			inputFileListPaths = (
			);
			inputPaths = (
			);
			name = "TileAPI-Info.plist";
			outputFileListPaths = (
			);
			outputPaths = (
			);
			runOnlyForDeploymentPostprocessing = 0;
			shellPath = /bin/sh;
			shellScript = "# Type a script or drag a script file from your workspace to insert its path.\ntarget_file=\"${SRCROOT}/bathymetry/TileAPI-Info.plist\"\nexample_file=\"${SRCROOT}/bathymetry/TileAPI-Example-Info.plist\"\nif [ ! -f \"$target_file\" ]; then\n    cp \"$example_file\" \"$target_file\"\nfi\n";
		};
/* End PBXShellScriptBuildPhase section */

/* Begin PBXSourcesBuildPhase section */
		E62B06C52630516E0089C785 /* Sources */ = {
			isa = PBXSourcesBuildPhase;
			buildActionMask = 2147483647;
			files = (
				E654A1CD26E7863A009EE10B /* MapZoomViewTests.swift in Sources */,
				E624EF502630545100F10967 /* ARToggleTests.swift in Sources */,
				E64BDF18265FE69600069F04 /* SettingsButtonTests.swift in Sources */,
				E62B06EB263052080089C785 /* MapZoomButtonTests.swift in Sources */,
				E65ED9902699F94100127725 /* Snapshotting+Model.swift in Sources */,
				E6F3288526DA5D5F00311833 /* BathymetryTileClientStub.swift in Sources */,
				E6FB254D26D942730033BDB9 /* MapTileFake.swift in Sources */,
				E6FB255326D9480E0033BDB9 /* BathymetryTile+Fixture.swift in Sources */,
			);
			runOnlyForDeploymentPostprocessing = 0;
		};
		E64FDE82257D22D200B303C6 /* Sources */ = {
			isa = PBXSourcesBuildPhase;
			buildActionMask = 2147483647;
			files = (
				E6711BC225D40364007A4A89 /* ARToggle.swift in Sources */,
				E6DE397625C9735A00D0408A /* MapRegion.swift in Sources */,
				E64BDF15265FE48D00069F04 /* SettingsButton.swift in Sources */,
				E65CF4182590BBA9008A207C /* AppAction.swift in Sources */,
				E6169D3A25CAB00200AE1F06 /* MapZoomButton.swift in Sources */,
				E6712C8F2646B5E40078C3A8 /* Logger+Bathymetry.swift in Sources */,
				E6EF547325BC3534004C2478 /* MapView+MGLMapView.swift in Sources */,
				E6F1060E258A2E05000DDD25 /* ARView.swift in Sources */,
				E64FDE96257D22D200B303C6 /* CoreData.xcdatamodeld in Sources */,
				E65CF4202590BC78008A207C /* AppReducer.swift in Sources */,
				E63D2BF325A320CC00788375 /* BathymetryTile.swift in Sources */,
				E6DE397C25C9756400D0408A /* BathymetryZoomLevel.swift in Sources */,
				E6FB254826D93A1B0033BDB9 /* MapTile.swift in Sources */,
				E695408326DCD1A500AA6664 /* BathymetryTileAPIClient.swift in Sources */,
				E6FE7AC025824B2700C47C2B /* MapView.swift in Sources */,
				E65CF4122590BB57008A207C /* AppState.swift in Sources */,
				E6B2866025A47B4600782955 /* ARBathymetryNode.swift in Sources */,
				E60C3D3726499213003E0355 /* CustomSlider.swift in Sources */,
				E65CF41C2590BBFA008A207C /* AppEnvironment.swift in Sources */,
				E654A1CB26E781C9009EE10B /* MapZoomView.swift in Sources */,
				E694049025C428CF00F047EC /* Bathymetry.swift in Sources */,
				E6F3288826DA635600311833 /* URLSession.DataTaskPublisher+StatusCode.swift in Sources */,
				E64FDE8C257D22D200B303C6 /* AppView.swift in Sources */,
				E6CB65BC25ADC3BD00E9070A /* StorageProvider.swift in Sources */,
				E69D159D25C9809100AD1B0F /* CircularButton.swift in Sources */,
				E64FDE8A257D22D200B303C6 /* BathymetryApp.swift in Sources */,
				E6FB254626D9252D0033BDB9 /* BathymetryTileClient.swift in Sources */,
			);
			runOnlyForDeploymentPostprocessing = 0;
		};
		E64FDE98257D22D200B303C6 /* Sources */ = {
			isa = PBXSourcesBuildPhase;
			buildActionMask = 2147483647;
			files = (
				E64FDEA1257D22D200B303C6 /* AppTests.swift in Sources */,
				E659F6BD25E6851100058394 /* BathymetryZoomLevelTests.swift in Sources */,
				E6BFC11E25D1479000295FB2 /* MapTileTests.swift in Sources */,
				E6F3288426DA5D5F00311833 /* BathymetryTileClientStub.swift in Sources */,
				E6FB255226D9480E0033BDB9 /* BathymetryTile+Fixture.swift in Sources */,
				E663F85226DF6C7900226F59 /* MapRegionTests+BathymetryTile.swift in Sources */,
				E633CD0A25D01A4B00FDB3BA /* MapRegionTests.swift in Sources */,
				E6FB255026D945A70033BDB9 /* BathymetryTileTests.swift in Sources */,
				E6FB254E26D942740033BDB9 /* MapTileFake.swift in Sources */,
			);
			runOnlyForDeploymentPostprocessing = 0;
		};
		E64FDEA3257D22D200B303C6 /* Sources */ = {
			isa = PBXSourcesBuildPhase;
			buildActionMask = 2147483647;
			files = (
				E64FDEAC257D22D200B303C6 /* BathymetryUITests.swift in Sources */,
			);
			runOnlyForDeploymentPostprocessing = 0;
		};
/* End PBXSourcesBuildPhase section */

/* Begin PBXTargetDependency section */
		E62B06CF2630516E0089C785 /* PBXTargetDependency */ = {
			isa = PBXTargetDependency;
			target = E64FDE85257D22D200B303C6 /* bathymetry */;
			targetProxy = E62B06CE2630516E0089C785 /* PBXContainerItemProxy */;
		};
		E64FDE9E257D22D200B303C6 /* PBXTargetDependency */ = {
			isa = PBXTargetDependency;
			target = E64FDE85257D22D200B303C6 /* bathymetry */;
			targetProxy = E64FDE9D257D22D200B303C6 /* PBXContainerItemProxy */;
		};
		E64FDEA9257D22D200B303C6 /* PBXTargetDependency */ = {
			isa = PBXTargetDependency;
			target = E64FDE85257D22D200B303C6 /* bathymetry */;
			targetProxy = E64FDEA8257D22D200B303C6 /* PBXContainerItemProxy */;
		};
/* End PBXTargetDependency section */

/* Begin XCBuildConfiguration section */
		E62B06D12630516E0089C785 /* Debug */ = {
			isa = XCBuildConfiguration;
			buildSettings = {
				BUNDLE_LOADER = "$(TEST_HOST)";
				CLANG_ENABLE_CODE_COVERAGE = YES;
				CODE_SIGN_STYLE = Automatic;
				DEVELOPMENT_TEAM = 6RYZ4RB738;
				INFOPLIST_FILE = bathymetrySnapshotTests/Info.plist;
				IPHONEOS_DEPLOYMENT_TARGET = 14.4;
				LD_RUNPATH_SEARCH_PATHS = (
					"$(inherited)",
					"@executable_path/Frameworks",
					"@loader_path/Frameworks",
				);
				OTHER_LDFLAGS = "";
				PRODUCT_BUNDLE_IDENTIFIER = org.kenzan8000.bathymetrySnapshotTests;
				PRODUCT_NAME = "$(TARGET_NAME)";
				SWIFT_VERSION = 5.0;
				TARGETED_DEVICE_FAMILY = "1,2";
				TEST_HOST = "$(BUILT_PRODUCTS_DIR)/Bathymetry.app/Bathymetry";
			};
			name = Debug;
		};
		E62B06D22630516E0089C785 /* Release */ = {
			isa = XCBuildConfiguration;
			buildSettings = {
				BUNDLE_LOADER = "$(TEST_HOST)";
				CLANG_ENABLE_CODE_COVERAGE = YES;
				CODE_SIGN_STYLE = Automatic;
				DEVELOPMENT_TEAM = 6RYZ4RB738;
				INFOPLIST_FILE = bathymetrySnapshotTests/Info.plist;
				IPHONEOS_DEPLOYMENT_TARGET = 14.4;
				LD_RUNPATH_SEARCH_PATHS = (
					"$(inherited)",
					"@executable_path/Frameworks",
					"@loader_path/Frameworks",
				);
				OTHER_LDFLAGS = "";
				PRODUCT_BUNDLE_IDENTIFIER = org.kenzan8000.bathymetrySnapshotTests;
				PRODUCT_NAME = "$(TARGET_NAME)";
				SWIFT_VERSION = 5.0;
				TARGETED_DEVICE_FAMILY = "1,2";
				TEST_HOST = "$(BUILT_PRODUCTS_DIR)/Bathymetry.app/Bathymetry";
			};
			name = Release;
		};
		E64FDEAE257D22D200B303C6 /* Debug */ = {
			isa = XCBuildConfiguration;
			buildSettings = {
				ALWAYS_SEARCH_USER_PATHS = NO;
				ARCHS = "$(ARCHS_STANDARD)";
				CLANG_ANALYZER_NONNULL = YES;
				CLANG_ANALYZER_NUMBER_OBJECT_CONVERSION = YES_AGGRESSIVE;
				CLANG_CXX_LANGUAGE_STANDARD = "gnu++14";
				CLANG_CXX_LIBRARY = "libc++";
				CLANG_ENABLE_CODE_COVERAGE = YES;
				CLANG_ENABLE_MODULES = YES;
				CLANG_ENABLE_OBJC_ARC = YES;
				CLANG_ENABLE_OBJC_WEAK = YES;
				CLANG_WARN_BLOCK_CAPTURE_AUTORELEASING = YES;
				CLANG_WARN_BOOL_CONVERSION = YES;
				CLANG_WARN_COMMA = YES;
				CLANG_WARN_CONSTANT_CONVERSION = YES;
				CLANG_WARN_DEPRECATED_OBJC_IMPLEMENTATIONS = YES;
				CLANG_WARN_DIRECT_OBJC_ISA_USAGE = YES_ERROR;
				CLANG_WARN_DOCUMENTATION_COMMENTS = YES;
				CLANG_WARN_EMPTY_BODY = YES;
				CLANG_WARN_ENUM_CONVERSION = YES;
				CLANG_WARN_INFINITE_RECURSION = YES;
				CLANG_WARN_INT_CONVERSION = YES;
				CLANG_WARN_NON_LITERAL_NULL_CONVERSION = YES;
				CLANG_WARN_OBJC_IMPLICIT_RETAIN_SELF = YES;
				CLANG_WARN_OBJC_LITERAL_CONVERSION = YES;
				CLANG_WARN_OBJC_ROOT_CLASS = YES_ERROR;
				CLANG_WARN_QUOTED_INCLUDE_IN_FRAMEWORK_HEADER = YES;
				CLANG_WARN_RANGE_LOOP_ANALYSIS = YES;
				CLANG_WARN_STRICT_PROTOTYPES = YES;
				CLANG_WARN_SUSPICIOUS_MOVE = YES;
				CLANG_WARN_UNGUARDED_AVAILABILITY = YES_AGGRESSIVE;
				CLANG_WARN_UNREACHABLE_CODE = YES;
				CLANG_WARN__DUPLICATE_METHOD_MATCH = YES;
				COPY_PHASE_STRIP = NO;
				DEBUG_INFORMATION_FORMAT = dwarf;
				ENABLE_STRICT_OBJC_MSGSEND = YES;
				ENABLE_TESTABILITY = YES;
				EXCLUDED_ARCHS = "";
				GCC_C_LANGUAGE_STANDARD = gnu11;
				GCC_DYNAMIC_NO_PIC = NO;
				GCC_NO_COMMON_BLOCKS = YES;
				GCC_OPTIMIZATION_LEVEL = 0;
				GCC_PREPROCESSOR_DEFINITIONS = (
					"DEBUG=1",
					"$(inherited)",
				);
				GCC_WARN_64_TO_32_BIT_CONVERSION = YES;
				GCC_WARN_ABOUT_RETURN_TYPE = YES_ERROR;
				GCC_WARN_UNDECLARED_SELECTOR = YES;
				GCC_WARN_UNINITIALIZED_AUTOS = YES_AGGRESSIVE;
				GCC_WARN_UNUSED_FUNCTION = YES;
				GCC_WARN_UNUSED_VARIABLE = YES;
				IPHONEOS_DEPLOYMENT_TARGET = 14.0;
				MTL_ENABLE_DEBUG_INFO = INCLUDE_SOURCE;
				MTL_FAST_MATH = YES;
				ONLY_ACTIVE_ARCH = YES;
				OTHER_LDFLAGS = "";
				SDKROOT = iphoneos;
				SWIFT_ACTIVE_COMPILATION_CONDITIONS = DEBUG;
				SWIFT_OPTIMIZATION_LEVEL = "-Onone";
			};
			name = Debug;
		};
		E64FDEAF257D22D200B303C6 /* Release */ = {
			isa = XCBuildConfiguration;
			buildSettings = {
				ALWAYS_SEARCH_USER_PATHS = NO;
				CLANG_ANALYZER_NONNULL = YES;
				CLANG_ANALYZER_NUMBER_OBJECT_CONVERSION = YES_AGGRESSIVE;
				CLANG_CXX_LANGUAGE_STANDARD = "gnu++14";
				CLANG_CXX_LIBRARY = "libc++";
				CLANG_ENABLE_CODE_COVERAGE = YES;
				CLANG_ENABLE_MODULES = YES;
				CLANG_ENABLE_OBJC_ARC = YES;
				CLANG_ENABLE_OBJC_WEAK = YES;
				CLANG_WARN_BLOCK_CAPTURE_AUTORELEASING = YES;
				CLANG_WARN_BOOL_CONVERSION = YES;
				CLANG_WARN_COMMA = YES;
				CLANG_WARN_CONSTANT_CONVERSION = YES;
				CLANG_WARN_DEPRECATED_OBJC_IMPLEMENTATIONS = YES;
				CLANG_WARN_DIRECT_OBJC_ISA_USAGE = YES_ERROR;
				CLANG_WARN_DOCUMENTATION_COMMENTS = YES;
				CLANG_WARN_EMPTY_BODY = YES;
				CLANG_WARN_ENUM_CONVERSION = YES;
				CLANG_WARN_INFINITE_RECURSION = YES;
				CLANG_WARN_INT_CONVERSION = YES;
				CLANG_WARN_NON_LITERAL_NULL_CONVERSION = YES;
				CLANG_WARN_OBJC_IMPLICIT_RETAIN_SELF = YES;
				CLANG_WARN_OBJC_LITERAL_CONVERSION = YES;
				CLANG_WARN_OBJC_ROOT_CLASS = YES_ERROR;
				CLANG_WARN_QUOTED_INCLUDE_IN_FRAMEWORK_HEADER = YES;
				CLANG_WARN_RANGE_LOOP_ANALYSIS = YES;
				CLANG_WARN_STRICT_PROTOTYPES = YES;
				CLANG_WARN_SUSPICIOUS_MOVE = YES;
				CLANG_WARN_UNGUARDED_AVAILABILITY = YES_AGGRESSIVE;
				CLANG_WARN_UNREACHABLE_CODE = YES;
				CLANG_WARN__DUPLICATE_METHOD_MATCH = YES;
				COPY_PHASE_STRIP = NO;
				DEBUG_INFORMATION_FORMAT = "dwarf-with-dsym";
				ENABLE_NS_ASSERTIONS = NO;
				ENABLE_STRICT_OBJC_MSGSEND = YES;
				GCC_C_LANGUAGE_STANDARD = gnu11;
				GCC_NO_COMMON_BLOCKS = YES;
				GCC_WARN_64_TO_32_BIT_CONVERSION = YES;
				GCC_WARN_ABOUT_RETURN_TYPE = YES_ERROR;
				GCC_WARN_UNDECLARED_SELECTOR = YES;
				GCC_WARN_UNINITIALIZED_AUTOS = YES_AGGRESSIVE;
				GCC_WARN_UNUSED_FUNCTION = YES;
				GCC_WARN_UNUSED_VARIABLE = YES;
				IPHONEOS_DEPLOYMENT_TARGET = 14.0;
				MTL_ENABLE_DEBUG_INFO = NO;
				MTL_FAST_MATH = YES;
				OTHER_LDFLAGS = "";
				SDKROOT = iphoneos;
				SWIFT_COMPILATION_MODE = wholemodule;
				SWIFT_OPTIMIZATION_LEVEL = "-O";
				VALIDATE_PRODUCT = YES;
			};
			name = Release;
		};
		E64FDEB1257D22D200B303C6 /* Debug */ = {
			isa = XCBuildConfiguration;
			buildSettings = {
				ARCHS = "$(ARCHS_STANDARD)";
				ASSETCATALOG_COMPILER_APPICON_NAME = AppIcon;
				ASSETCATALOG_COMPILER_GLOBAL_ACCENT_COLOR_NAME = AccentColor;
				CLANG_ENABLE_CODE_COVERAGE = YES;
				CODE_SIGN_STYLE = Automatic;
				CURRENT_PROJECT_VERSION = 1.0;
				DEVELOPMENT_ASSET_PATHS = "";
				DEVELOPMENT_TEAM = 6RYZ4RB738;
				ENABLE_BITCODE = YES;
				ENABLE_PREVIEWS = YES;
				EXCLUDED_ARCHS = "";
				FRAMEWORK_SEARCH_PATHS = (
					"$(inherited)",
					"$(PROJECT_DIR)/Frameworks",
				);
				GCC_SYMBOLS_PRIVATE_EXTERN = YES;
				INFOPLIST_FILE = bathymetry/Info.plist;
				IPHONEOS_DEPLOYMENT_TARGET = 14.0;
				LD_RUNPATH_SEARCH_PATHS = (
					"$(inherited)",
					"@executable_path/Frameworks",
				);
				MARKETING_VERSION = 1.0;
				OTHER_LDFLAGS = "";
				PRODUCT_BUNDLE_IDENTIFIER = org.kenzan8000.bathymetry;
				PRODUCT_NAME = Bathymetry;
				SWIFT_VERSION = 5.0;
				TARGETED_DEVICE_FAMILY = 1;
				VALIDATE_WORKSPACE = YES;
			};
			name = Debug;
		};
		E64FDEB2257D22D200B303C6 /* Release */ = {
			isa = XCBuildConfiguration;
			buildSettings = {
				ASSETCATALOG_COMPILER_APPICON_NAME = AppIcon;
				ASSETCATALOG_COMPILER_GLOBAL_ACCENT_COLOR_NAME = AccentColor;
				CLANG_ENABLE_CODE_COVERAGE = YES;
				CODE_SIGN_STYLE = Automatic;
				CURRENT_PROJECT_VERSION = 1.0;
				DEVELOPMENT_ASSET_PATHS = "";
				DEVELOPMENT_TEAM = 6RYZ4RB738;
				ENABLE_BITCODE = YES;
				ENABLE_PREVIEWS = YES;
				FRAMEWORK_SEARCH_PATHS = (
					"$(inherited)",
					"$(PROJECT_DIR)/Frameworks",
				);
				GCC_SYMBOLS_PRIVATE_EXTERN = YES;
				INFOPLIST_FILE = bathymetry/Info.plist;
				IPHONEOS_DEPLOYMENT_TARGET = 14.0;
				LD_RUNPATH_SEARCH_PATHS = (
					"$(inherited)",
					"@executable_path/Frameworks",
				);
				MARKETING_VERSION = 1.0;
				OTHER_LDFLAGS = "";
				PRODUCT_BUNDLE_IDENTIFIER = org.kenzan8000.bathymetry;
				PRODUCT_NAME = Bathymetry;
				SWIFT_VERSION = 5.0;
				TARGETED_DEVICE_FAMILY = 1;
				VALIDATE_WORKSPACE = YES;
			};
			name = Release;
		};
		E64FDEB4257D22D200B303C6 /* Debug */ = {
			isa = XCBuildConfiguration;
			buildSettings = {
				ALWAYS_EMBED_SWIFT_STANDARD_LIBRARIES = YES;
				BUNDLE_LOADER = "$(TEST_HOST)";
				CLANG_ENABLE_CODE_COVERAGE = YES;
				CODE_SIGN_STYLE = Automatic;
				DEVELOPMENT_TEAM = 6RYZ4RB738;
				INFOPLIST_FILE = bathymetryTests/Info.plist;
				IPHONEOS_DEPLOYMENT_TARGET = 14.0;
				LD_RUNPATH_SEARCH_PATHS = (
					"$(inherited)",
					"@executable_path/Frameworks",
					"@loader_path/Frameworks",
				);
				OTHER_LDFLAGS = "";
				PRODUCT_BUNDLE_IDENTIFIER = org.kenzan8000.bathymetryTests;
				PRODUCT_NAME = "$(TARGET_NAME)";
				SWIFT_VERSION = 5.0;
				TARGETED_DEVICE_FAMILY = "1,2";
				TEST_HOST = "$(BUILT_PRODUCTS_DIR)/Bathymetry.app/Bathymetry";
			};
			name = Debug;
		};
		E64FDEB5257D22D200B303C6 /* Release */ = {
			isa = XCBuildConfiguration;
			buildSettings = {
				ALWAYS_EMBED_SWIFT_STANDARD_LIBRARIES = YES;
				BUNDLE_LOADER = "$(TEST_HOST)";
				CLANG_ENABLE_CODE_COVERAGE = YES;
				CODE_SIGN_STYLE = Automatic;
				DEVELOPMENT_TEAM = 6RYZ4RB738;
				INFOPLIST_FILE = bathymetryTests/Info.plist;
				IPHONEOS_DEPLOYMENT_TARGET = 14.0;
				LD_RUNPATH_SEARCH_PATHS = (
					"$(inherited)",
					"@executable_path/Frameworks",
					"@loader_path/Frameworks",
				);
				OTHER_LDFLAGS = "";
				PRODUCT_BUNDLE_IDENTIFIER = org.kenzan8000.bathymetryTests;
				PRODUCT_NAME = "$(TARGET_NAME)";
				SWIFT_VERSION = 5.0;
				TARGETED_DEVICE_FAMILY = "1,2";
				TEST_HOST = "$(BUILT_PRODUCTS_DIR)/Bathymetry.app/Bathymetry";
			};
			name = Release;
		};
		E64FDEB7257D22D200B303C6 /* Debug */ = {
			isa = XCBuildConfiguration;
			buildSettings = {
				ALWAYS_EMBED_SWIFT_STANDARD_LIBRARIES = YES;
				CLANG_ENABLE_CODE_COVERAGE = YES;
				CODE_SIGN_STYLE = Automatic;
				DEVELOPMENT_TEAM = 6RYZ4RB738;
				INFOPLIST_FILE = bathymetryUITests/Info.plist;
				LD_RUNPATH_SEARCH_PATHS = (
					"$(inherited)",
					"@executable_path/Frameworks",
					"@loader_path/Frameworks",
				);
				OTHER_LDFLAGS = "";
				PRODUCT_BUNDLE_IDENTIFIER = org.kenzan8000.bathymetryUITests;
				PRODUCT_NAME = "$(TARGET_NAME)";
				SWIFT_VERSION = 5.0;
				TARGETED_DEVICE_FAMILY = "1,2";
				TEST_TARGET_NAME = bathymetry;
				TVOS_DEPLOYMENT_TARGET = 14.3;
			};
			name = Debug;
		};
		E64FDEB8257D22D200B303C6 /* Release */ = {
			isa = XCBuildConfiguration;
			buildSettings = {
				ALWAYS_EMBED_SWIFT_STANDARD_LIBRARIES = YES;
				CLANG_ENABLE_CODE_COVERAGE = YES;
				CODE_SIGN_STYLE = Automatic;
				DEVELOPMENT_TEAM = 6RYZ4RB738;
				INFOPLIST_FILE = bathymetryUITests/Info.plist;
				LD_RUNPATH_SEARCH_PATHS = (
					"$(inherited)",
					"@executable_path/Frameworks",
					"@loader_path/Frameworks",
				);
				OTHER_LDFLAGS = "";
				PRODUCT_BUNDLE_IDENTIFIER = org.kenzan8000.bathymetryUITests;
				PRODUCT_NAME = "$(TARGET_NAME)";
				SWIFT_VERSION = 5.0;
				TARGETED_DEVICE_FAMILY = "1,2";
				TEST_TARGET_NAME = bathymetry;
				TVOS_DEPLOYMENT_TARGET = 14.3;
			};
			name = Release;
		};
/* End XCBuildConfiguration section */

/* Begin XCConfigurationList section */
		E62B06D02630516E0089C785 /* Build configuration list for PBXNativeTarget "bathymetrySnapshotTests" */ = {
			isa = XCConfigurationList;
			buildConfigurations = (
				E62B06D12630516E0089C785 /* Debug */,
				E62B06D22630516E0089C785 /* Release */,
			);
			defaultConfigurationIsVisible = 0;
			defaultConfigurationName = Release;
		};
		E64FDE81257D22D200B303C6 /* Build configuration list for PBXProject "bathymetry" */ = {
			isa = XCConfigurationList;
			buildConfigurations = (
				E64FDEAE257D22D200B303C6 /* Debug */,
				E64FDEAF257D22D200B303C6 /* Release */,
			);
			defaultConfigurationIsVisible = 0;
			defaultConfigurationName = Release;
		};
		E64FDEB0257D22D200B303C6 /* Build configuration list for PBXNativeTarget "bathymetry" */ = {
			isa = XCConfigurationList;
			buildConfigurations = (
				E64FDEB1257D22D200B303C6 /* Debug */,
				E64FDEB2257D22D200B303C6 /* Release */,
			);
			defaultConfigurationIsVisible = 0;
			defaultConfigurationName = Release;
		};
		E64FDEB3257D22D200B303C6 /* Build configuration list for PBXNativeTarget "bathymetryTests" */ = {
			isa = XCConfigurationList;
			buildConfigurations = (
				E64FDEB4257D22D200B303C6 /* Debug */,
				E64FDEB5257D22D200B303C6 /* Release */,
			);
			defaultConfigurationIsVisible = 0;
			defaultConfigurationName = Release;
		};
		E64FDEB6257D22D200B303C6 /* Build configuration list for PBXNativeTarget "bathymetryUITests" */ = {
			isa = XCConfigurationList;
			buildConfigurations = (
				E64FDEB7257D22D200B303C6 /* Debug */,
				E64FDEB8257D22D200B303C6 /* Release */,
			);
			defaultConfigurationIsVisible = 0;
			defaultConfigurationName = Release;
		};
/* End XCConfigurationList section */

/* Begin XCRemoteSwiftPackageReference section */
		E62B06DF263051A40089C785 /* XCRemoteSwiftPackageReference "swift-snapshot-testing" */ = {
			isa = XCRemoteSwiftPackageReference;
			repositoryURL = "https://github.com/pointfreeco/swift-snapshot-testing.git";
			requirement = {
				kind = upToNextMajorVersion;
				minimumVersion = 1.8.2;
			};
		};
		E68A859426DD1167001A6EA5 /* XCRemoteSwiftPackageReference "Euclid" */ = {
			isa = XCRemoteSwiftPackageReference;
			repositoryURL = "https://github.com/nicklockwood/Euclid.git";
			requirement = {
				kind = upToNextMajorVersion;
				minimumVersion = 0.5.9;
			};
		};
		E6F10615258A3068000DDD25 /* XCRemoteSwiftPackageReference "ARKit-CoreLocation" */ = {
			isa = XCRemoteSwiftPackageReference;
			repositoryURL = "https://github.com/ProjectDent/ARKit-CoreLocation.git";
			requirement = {
				kind = upToNextMajorVersion;
				minimumVersion = 1.3.0;
			};
		};
		E6F8C1F325811ED70051E68F /* XCRemoteSwiftPackageReference "swift-composable-architecture" */ = {
			isa = XCRemoteSwiftPackageReference;
			repositoryURL = "https://github.com/pointfreeco/swift-composable-architecture";
			requirement = {
				kind = upToNextMajorVersion;
				minimumVersion = 0.9.0;
			};
		};
/* End XCRemoteSwiftPackageReference section */

/* Begin XCSwiftPackageProductDependency section */
		E62B06E0263051A40089C785 /* SnapshotTesting */ = {
			isa = XCSwiftPackageProductDependency;
			package = E62B06DF263051A40089C785 /* XCRemoteSwiftPackageReference "swift-snapshot-testing" */;
			productName = SnapshotTesting;
		};
		E68A859526DD1167001A6EA5 /* Euclid */ = {
			isa = XCSwiftPackageProductDependency;
			package = E68A859426DD1167001A6EA5 /* XCRemoteSwiftPackageReference "Euclid" */;
			productName = Euclid;
		};
		E6F10616258A3068000DDD25 /* ARCL */ = {
			isa = XCSwiftPackageProductDependency;
			package = E6F10615258A3068000DDD25 /* XCRemoteSwiftPackageReference "ARKit-CoreLocation" */;
			productName = ARCL;
		};
		E6F8C1F425811ED70051E68F /* ComposableArchitecture */ = {
			isa = XCSwiftPackageProductDependency;
			package = E6F8C1F325811ED70051E68F /* XCRemoteSwiftPackageReference "swift-composable-architecture" */;
			productName = ComposableArchitecture;
		};
/* End XCSwiftPackageProductDependency section */

/* Begin XCVersionGroup section */
		E64FDE94257D22D200B303C6 /* CoreData.xcdatamodeld */ = {
			isa = XCVersionGroup;
			children = (
				E64FDE95257D22D200B303C6 /* Bathymetry.xcdatamodel */,
			);
			currentVersion = E64FDE95257D22D200B303C6 /* Bathymetry.xcdatamodel */;
			path = CoreData.xcdatamodeld;
			sourceTree = "<group>";
			versionGroupType = wrapper.xcdatamodel;
		};
/* End XCVersionGroup section */
	};
	rootObject = E64FDE7E257D22D200B303C6 /* Project object */;
}
