// !$*UTF8*$!
{
	archiveVersion = 1;
	classes = {
	};
	objectVersion = 52;
	objects = {

/* Begin PBXBuildFile section */
		E60348D425AF2622004402B2 /* FirebaseAnalytics in Frameworks */ = {isa = PBXBuildFile; productRef = E60348D325AF2622004402B2 /* FirebaseAnalytics */; };
		E60348D625AF2622004402B2 /* FirebaseMessaging in Frameworks */ = {isa = PBXBuildFile; productRef = E60348D525AF2622004402B2 /* FirebaseMessaging */; };
		E60348D825AF2622004402B2 /* FirebaseCrashlytics in Frameworks */ = {isa = PBXBuildFile; productRef = E60348D725AF2622004402B2 /* FirebaseCrashlytics */; };
		E6171D5A25B0574900161E28 /* Contentful in Frameworks */ = {isa = PBXBuildFile; productRef = E6171D5925B0574900161E28 /* Contentful */; };
		E6171D5E25B0763B00161E28 /* Bathymetry.swift in Sources */ = {isa = PBXBuildFile; fileRef = E6171D5D25B0763B00161E28 /* Bathymetry.swift */; };
		E6171D7625B0A5D600161E28 /* Contentful-Info.plist in Resources */ = {isa = PBXBuildFile; fileRef = E6171D7525B0A5D600161E28 /* Contentful-Info.plist */; };
		E61F4B76259F5E7A00E19A44 /* geos in Frameworks */ = {isa = PBXBuildFile; productRef = E61F4B75259F5E7A00E19A44 /* geos */; };
		E61F4B77259F5E7A00E19A44 /* geos in Embed Frameworks */ = {isa = PBXBuildFile; productRef = E61F4B75259F5E7A00E19A44 /* geos */; settings = {ATTRIBUTES = (CodeSignOnCopy, ); }; };
		E6203F87259205FE007C8FDA /* Mapbox.framework in Frameworks */ = {isa = PBXBuildFile; fileRef = E6203F84259205FA007C8FDA /* Mapbox.framework */; };
		E6203F88259205FE007C8FDA /* Mapbox.framework in Embed Frameworks */ = {isa = PBXBuildFile; fileRef = E6203F84259205FA007C8FDA /* Mapbox.framework */; settings = {ATTRIBUTES = (CodeSignOnCopy, RemoveHeadersOnCopy, ); }; };
		E6203F8925920600007C8FDA /* MapboxMobileEvents.framework in Frameworks */ = {isa = PBXBuildFile; fileRef = E6203F83259205FA007C8FDA /* MapboxMobileEvents.framework */; };
		E6203F8A25920600007C8FDA /* MapboxMobileEvents.framework in Embed Frameworks */ = {isa = PBXBuildFile; fileRef = E6203F83259205FA007C8FDA /* MapboxMobileEvents.framework */; settings = {ATTRIBUTES = (CodeSignOnCopy, RemoveHeadersOnCopy, ); }; };
		E63D2BF325A320CC00788375 /* BathymetryTile.swift in Sources */ = {isa = PBXBuildFile; fileRef = E63D2BF225A320CC00788375 /* BathymetryTile.swift */; };
		E63D2C0F25A326A700788375 /* GoogleService-Info.plist in Resources */ = {isa = PBXBuildFile; fileRef = E63D2C0E25A326A700788375 /* GoogleService-Info.plist */; };
		E63D2C3C25A33E7D00788375 /* MGLShapeSource+BathymetryTile.swift in Sources */ = {isa = PBXBuildFile; fileRef = E63D2C3B25A33E7D00788375 /* MGLShapeSource+BathymetryTile.swift */; };
		E63D2C4025A33F4A00788375 /* MGLFillStyleLayer+BathymetryTile.swift in Sources */ = {isa = PBXBuildFile; fileRef = E63D2C3F25A33F4A00788375 /* MGLFillStyleLayer+BathymetryTile.swift */; };
		E64FDE8A257D22D200B303C6 /* BathymetryApp.swift in Sources */ = {isa = PBXBuildFile; fileRef = E64FDE89257D22D200B303C6 /* BathymetryApp.swift */; };
		E64FDE8C257D22D200B303C6 /* AppView.swift in Sources */ = {isa = PBXBuildFile; fileRef = E64FDE8B257D22D200B303C6 /* AppView.swift */; };
		E64FDE8E257D22D200B303C6 /* Assets.xcassets in Resources */ = {isa = PBXBuildFile; fileRef = E64FDE8D257D22D200B303C6 /* Assets.xcassets */; };
		E64FDE96257D22D200B303C6 /* CoreData.xcdatamodeld in Sources */ = {isa = PBXBuildFile; fileRef = E64FDE94257D22D200B303C6 /* CoreData.xcdatamodeld */; };
		E64FDEA1257D22D200B303C6 /* BathymetryTests.swift in Sources */ = {isa = PBXBuildFile; fileRef = E64FDEA0257D22D200B303C6 /* BathymetryTests.swift */; };
		E64FDEAC257D22D200B303C6 /* BathymetryUITests.swift in Sources */ = {isa = PBXBuildFile; fileRef = E64FDEAB257D22D200B303C6 /* BathymetryUITests.swift */; };
		E65CF4122590BB57008A207C /* AppState.swift in Sources */ = {isa = PBXBuildFile; fileRef = E65CF4112590BB57008A207C /* AppState.swift */; };
		E65CF4182590BBA9008A207C /* AppAction.swift in Sources */ = {isa = PBXBuildFile; fileRef = E65CF4172590BBA9008A207C /* AppAction.swift */; };
		E65CF41C2590BBFA008A207C /* AppEnvironment.swift in Sources */ = {isa = PBXBuildFile; fileRef = E65CF41B2590BBFA008A207C /* AppEnvironment.swift */; };
		E65CF4202590BC78008A207C /* AppReducer.swift in Sources */ = {isa = PBXBuildFile; fileRef = E65CF41F2590BC78008A207C /* AppReducer.swift */; };
		E684122525A9D70400186A13 /* Euclid in Frameworks */ = {isa = PBXBuildFile; productRef = E684122425A9D70400186A13 /* Euclid */; };
		E684122A25A9E9A700186A13 /* iShapeTriangulation in Frameworks */ = {isa = PBXBuildFile; productRef = E684122925A9E9A700186A13 /* iShapeTriangulation */; };
		E698A33025976A2D00596795 /* MGLAnnotation+GEOSwift.swift in Sources */ = {isa = PBXBuildFile; fileRef = E698A32F25976A2D00596795 /* MGLAnnotation+GEOSwift.swift */; };
		E69BBD12257E50170048050C /* Preview Assets.xcassets in Resources */ = {isa = PBXBuildFile; fileRef = E69BBD11257E50170048050C /* Preview Assets.xcassets */; };
		E6A63802257E4D2200751BF5 /* Alamofire in Frameworks */ = {isa = PBXBuildFile; productRef = E6A63801257E4D2200751BF5 /* Alamofire */; };
		E6B2866025A47B4600782955 /* ARBathymetryNode.swift in Sources */ = {isa = PBXBuildFile; fileRef = E6B2865F25A47B4600782955 /* ARBathymetryNode.swift */; };
		E6BDC3BE259600BF00184925 /* BathymetryClient.swift in Sources */ = {isa = PBXBuildFile; fileRef = E6BDC3BD259600BF00184925 /* BathymetryClient.swift */; };
		E6CB65BC25ADC3BD00E9070A /* CoreDataManager.swift in Sources */ = {isa = PBXBuildFile; fileRef = E6CB65BB25ADC3BD00E9070A /* CoreDataManager.swift */; };
		E6DED60F25A3444D0065B6D7 /* Mapbox-Info.plist in Resources */ = {isa = PBXBuildFile; fileRef = E6DED60E25A3444C0065B6D7 /* Mapbox-Info.plist */; };
		E6E065252590CBB50032B6C8 /* GEOSwift in Frameworks */ = {isa = PBXBuildFile; productRef = E6E065242590CBB50032B6C8 /* GEOSwift */; };
		E6F1060E258A2E05000DDD25 /* ARView.swift in Sources */ = {isa = PBXBuildFile; fileRef = E6F1060D258A2E05000DDD25 /* ARView.swift */; };
		E6F10617258A3068000DDD25 /* ARCL in Frameworks */ = {isa = PBXBuildFile; productRef = E6F10616258A3068000DDD25 /* ARCL */; };
		E6F8C1F525811ED70051E68F /* ComposableArchitecture in Frameworks */ = {isa = PBXBuildFile; productRef = E6F8C1F425811ED70051E68F /* ComposableArchitecture */; };
		E6FE7AC025824B2700C47C2B /* MapView.swift in Sources */ = {isa = PBXBuildFile; fileRef = E6FE7ABF25824B2700C47C2B /* MapView.swift */; };
/* End PBXBuildFile section */

/* Begin PBXContainerItemProxy section */
		E64FDE9D257D22D200B303C6 /* PBXContainerItemProxy */ = {
			isa = PBXContainerItemProxy;
			containerPortal = E64FDE7E257D22D200B303C6 /* Project object */;
			proxyType = 1;
			remoteGlobalIDString = E64FDE85257D22D200B303C6;
			remoteInfo = bathymetry;
		};
		E64FDEA8257D22D200B303C6 /* PBXContainerItemProxy */ = {
			isa = PBXContainerItemProxy;
			containerPortal = E64FDE7E257D22D200B303C6 /* Project object */;
			proxyType = 1;
			remoteGlobalIDString = E64FDE85257D22D200B303C6;
			remoteInfo = bathymetry;
		};
/* End PBXContainerItemProxy section */

/* Begin PBXCopyFilesBuildPhase section */
		E612C2D5258CCF700093FBC4 /* Embed Frameworks */ = {
			isa = PBXCopyFilesBuildPhase;
			buildActionMask = 12;
			dstPath = "";
			dstSubfolderSpec = 10;
			files = (
				E6203F8A25920600007C8FDA /* MapboxMobileEvents.framework in Embed Frameworks */,
				E61F4B77259F5E7A00E19A44 /* geos in Embed Frameworks */,
				E6203F88259205FE007C8FDA /* Mapbox.framework in Embed Frameworks */,
			);
			name = "Embed Frameworks";
			runOnlyForDeploymentPostprocessing = 0;
		};
/* End PBXCopyFilesBuildPhase section */

/* Begin PBXFileReference section */
		E6171D5D25B0763B00161E28 /* Bathymetry.swift */ = {isa = PBXFileReference; lastKnownFileType = sourcecode.swift; path = Bathymetry.swift; sourceTree = "<group>"; };
		E6171D7525B0A5D600161E28 /* Contentful-Info.plist */ = {isa = PBXFileReference; fileEncoding = 4; lastKnownFileType = text.plist.xml; path = "Contentful-Info.plist"; sourceTree = "<group>"; };
		E6203F83259205FA007C8FDA /* MapboxMobileEvents.framework */ = {isa = PBXFileReference; lastKnownFileType = wrapper.framework; path = MapboxMobileEvents.framework; sourceTree = "<group>"; };
		E6203F84259205FA007C8FDA /* Mapbox.framework */ = {isa = PBXFileReference; lastKnownFileType = wrapper.framework; path = Mapbox.framework; sourceTree = "<group>"; };
		E63D2BF225A320CC00788375 /* BathymetryTile.swift */ = {isa = PBXFileReference; lastKnownFileType = sourcecode.swift; path = BathymetryTile.swift; sourceTree = "<group>"; };
		E63D2C0E25A326A700788375 /* GoogleService-Info.plist */ = {isa = PBXFileReference; fileEncoding = 4; lastKnownFileType = text.plist.xml; path = "GoogleService-Info.plist"; sourceTree = "<group>"; };
		E63D2C3B25A33E7D00788375 /* MGLShapeSource+BathymetryTile.swift */ = {isa = PBXFileReference; lastKnownFileType = sourcecode.swift; path = "MGLShapeSource+BathymetryTile.swift"; sourceTree = "<group>"; };
		E63D2C3F25A33F4A00788375 /* MGLFillStyleLayer+BathymetryTile.swift */ = {isa = PBXFileReference; lastKnownFileType = sourcecode.swift; path = "MGLFillStyleLayer+BathymetryTile.swift"; sourceTree = "<group>"; };
		E64FDE86257D22D200B303C6 /* Bathymetry.app */ = {isa = PBXFileReference; explicitFileType = wrapper.application; includeInIndex = 0; path = Bathymetry.app; sourceTree = BUILT_PRODUCTS_DIR; };
		E64FDE89257D22D200B303C6 /* BathymetryApp.swift */ = {isa = PBXFileReference; lastKnownFileType = sourcecode.swift; path = BathymetryApp.swift; sourceTree = "<group>"; };
		E64FDE8B257D22D200B303C6 /* AppView.swift */ = {isa = PBXFileReference; lastKnownFileType = sourcecode.swift; path = AppView.swift; sourceTree = "<group>"; };
		E64FDE8D257D22D200B303C6 /* Assets.xcassets */ = {isa = PBXFileReference; lastKnownFileType = folder.assetcatalog; path = Assets.xcassets; sourceTree = "<group>"; };
		E64FDE95257D22D200B303C6 /* Bathymetry.xcdatamodel */ = {isa = PBXFileReference; lastKnownFileType = wrapper.xcdatamodel; path = Bathymetry.xcdatamodel; sourceTree = "<group>"; };
		E64FDE97257D22D200B303C6 /* Info.plist */ = {isa = PBXFileReference; lastKnownFileType = text.plist.xml; path = Info.plist; sourceTree = "<group>"; };
		E64FDE9C257D22D200B303C6 /* bathymetryTests.xctest */ = {isa = PBXFileReference; explicitFileType = wrapper.cfbundle; includeInIndex = 0; path = bathymetryTests.xctest; sourceTree = BUILT_PRODUCTS_DIR; };
		E64FDEA0257D22D200B303C6 /* BathymetryTests.swift */ = {isa = PBXFileReference; lastKnownFileType = sourcecode.swift; path = BathymetryTests.swift; sourceTree = "<group>"; };
		E64FDEA2257D22D200B303C6 /* Info.plist */ = {isa = PBXFileReference; lastKnownFileType = text.plist.xml; path = Info.plist; sourceTree = "<group>"; };
		E64FDEA7257D22D200B303C6 /* bathymetryUITests.xctest */ = {isa = PBXFileReference; explicitFileType = wrapper.cfbundle; includeInIndex = 0; path = bathymetryUITests.xctest; sourceTree = BUILT_PRODUCTS_DIR; };
		E64FDEAB257D22D200B303C6 /* BathymetryUITests.swift */ = {isa = PBXFileReference; lastKnownFileType = sourcecode.swift; path = BathymetryUITests.swift; sourceTree = "<group>"; };
		E64FDEAD257D22D200B303C6 /* Info.plist */ = {isa = PBXFileReference; lastKnownFileType = text.plist.xml; path = Info.plist; sourceTree = "<group>"; };
		E65CF4112590BB57008A207C /* AppState.swift */ = {isa = PBXFileReference; lastKnownFileType = sourcecode.swift; path = AppState.swift; sourceTree = "<group>"; };
		E65CF4172590BBA9008A207C /* AppAction.swift */ = {isa = PBXFileReference; lastKnownFileType = sourcecode.swift; path = AppAction.swift; sourceTree = "<group>"; };
		E65CF41B2590BBFA008A207C /* AppEnvironment.swift */ = {isa = PBXFileReference; lastKnownFileType = sourcecode.swift; path = AppEnvironment.swift; sourceTree = "<group>"; };
		E65CF41F2590BC78008A207C /* AppReducer.swift */ = {isa = PBXFileReference; lastKnownFileType = sourcecode.swift; path = AppReducer.swift; sourceTree = "<group>"; };
		E698A32F25976A2D00596795 /* MGLAnnotation+GEOSwift.swift */ = {isa = PBXFileReference; lastKnownFileType = sourcecode.swift; path = "MGLAnnotation+GEOSwift.swift"; sourceTree = "<group>"; };
		E69BBD11257E50170048050C /* Preview Assets.xcassets */ = {isa = PBXFileReference; lastKnownFileType = folder.assetcatalog; path = "Preview Assets.xcassets"; sourceTree = "<group>"; };
		E6B2865F25A47B4600782955 /* ARBathymetryNode.swift */ = {isa = PBXFileReference; lastKnownFileType = sourcecode.swift; path = ARBathymetryNode.swift; sourceTree = "<group>"; };
		E6BDC3BD259600BF00184925 /* BathymetryClient.swift */ = {isa = PBXFileReference; lastKnownFileType = sourcecode.swift; path = BathymetryClient.swift; sourceTree = "<group>"; };
		E6CB65BB25ADC3BD00E9070A /* CoreDataManager.swift */ = {isa = PBXFileReference; fileEncoding = 4; lastKnownFileType = sourcecode.swift; path = CoreDataManager.swift; sourceTree = "<group>"; };
		E6DED60E25A3444C0065B6D7 /* Mapbox-Info.plist */ = {isa = PBXFileReference; fileEncoding = 4; lastKnownFileType = text.plist.xml; path = "Mapbox-Info.plist"; sourceTree = "<group>"; };
		E6F1060D258A2E05000DDD25 /* ARView.swift */ = {isa = PBXFileReference; lastKnownFileType = sourcecode.swift; path = ARView.swift; sourceTree = "<group>"; };
		E6FE7ABF25824B2700C47C2B /* MapView.swift */ = {isa = PBXFileReference; fileEncoding = 4; lastKnownFileType = sourcecode.swift; path = MapView.swift; sourceTree = "<group>"; };
/* End PBXFileReference section */

/* Begin PBXFrameworksBuildPhase section */
		E64FDE83257D22D200B303C6 /* Frameworks */ = {
			isa = PBXFrameworksBuildPhase;
			buildActionMask = 2147483647;
			files = (
				E6203F87259205FE007C8FDA /* Mapbox.framework in Frameworks */,
				E6E065252590CBB50032B6C8 /* GEOSwift in Frameworks */,
				E6171D5A25B0574900161E28 /* Contentful in Frameworks */,
				E684122525A9D70400186A13 /* Euclid in Frameworks */,
				E6F10617258A3068000DDD25 /* ARCL in Frameworks */,
				E684122A25A9E9A700186A13 /* iShapeTriangulation in Frameworks */,
				E6F8C1F525811ED70051E68F /* ComposableArchitecture in Frameworks */,
				E6203F8925920600007C8FDA /* MapboxMobileEvents.framework in Frameworks */,
				E61F4B76259F5E7A00E19A44 /* geos in Frameworks */,
				E60348D425AF2622004402B2 /* FirebaseAnalytics in Frameworks */,
				E60348D825AF2622004402B2 /* FirebaseCrashlytics in Frameworks */,
				E60348D625AF2622004402B2 /* FirebaseMessaging in Frameworks */,
				E6A63802257E4D2200751BF5 /* Alamofire in Frameworks */,
			);
			runOnlyForDeploymentPostprocessing = 0;
		};
		E64FDE99257D22D200B303C6 /* Frameworks */ = {
			isa = PBXFrameworksBuildPhase;
			buildActionMask = 2147483647;
			files = (
			);
			runOnlyForDeploymentPostprocessing = 0;
		};
		E64FDEA4257D22D200B303C6 /* Frameworks */ = {
			isa = PBXFrameworksBuildPhase;
			buildActionMask = 2147483647;
			files = (
			);
			runOnlyForDeploymentPostprocessing = 0;
		};
/* End PBXFrameworksBuildPhase section */

/* Begin PBXGroup section */
		E6171D6125B080CE00161E28 /* Extensions */ = {
			isa = PBXGroup;
			children = (
				E6171D7025B0857600161E28 /* Mapbox */,
			);
			path = Extensions;
			sourceTree = "<group>";
		};
		E6171D7025B0857600161E28 /* Mapbox */ = {
			isa = PBXGroup;
			children = (
				E698A32F25976A2D00596795 /* MGLAnnotation+GEOSwift.swift */,
				E63D2C3B25A33E7D00788375 /* MGLShapeSource+BathymetryTile.swift */,
				E63D2C3F25A33F4A00788375 /* MGLFillStyleLayer+BathymetryTile.swift */,
			);
			path = Mapbox;
			sourceTree = "<group>";
		};
		E64FDE7D257D22D200B303C6 = {
			isa = PBXGroup;
			children = (
				E64FDE88257D22D200B303C6 /* bathymetry */,
				E6FE7AB125823FBA00C47C2B /* Frameworks */,
				E64FDE9F257D22D200B303C6 /* bathymetryTests */,
				E64FDEAA257D22D200B303C6 /* bathymetryUITests */,
				E64FDE87257D22D200B303C6 /* Products */,
			);
			sourceTree = "<group>";
		};
		E64FDE87257D22D200B303C6 /* Products */ = {
			isa = PBXGroup;
			children = (
				E64FDE86257D22D200B303C6 /* Bathymetry.app */,
				E64FDE9C257D22D200B303C6 /* bathymetryTests.xctest */,
				E64FDEA7257D22D200B303C6 /* bathymetryUITests.xctest */,
			);
			name = Products;
			sourceTree = "<group>";
		};
		E64FDE88257D22D200B303C6 /* bathymetry */ = {
			isa = PBXGroup;
			children = (
				E64FDE89257D22D200B303C6 /* BathymetryApp.swift */,
				E64FDE8D257D22D200B303C6 /* Assets.xcassets */,
				E64FDE97257D22D200B303C6 /* Info.plist */,
				E63D2C0E25A326A700788375 /* GoogleService-Info.plist */,
				E6DED60E25A3444C0065B6D7 /* Mapbox-Info.plist */,
				E6171D7525B0A5D600161E28 /* Contentful-Info.plist */,
				E65CF4102590BB0A008A207C /* App */,
				E6FE7ABE25824AF000C47C2B /* Map */,
				E6F1060C258A2DDB000DDD25 /* AR */,
				E6DD5BAE25A08C7200860C4B /* Bathymetry */,
				E6CB65BA25ADC35A00E9070A /* CoreData */,
				E6171D6125B080CE00161E28 /* Extensions */,
				E69BBD10257E50170048050C /* Preview Content */,
			);
			path = bathymetry;
			sourceTree = "<group>";
		};
		E64FDE9F257D22D200B303C6 /* bathymetryTests */ = {
			isa = PBXGroup;
			children = (
				E64FDEA0257D22D200B303C6 /* BathymetryTests.swift */,
				E64FDEA2257D22D200B303C6 /* Info.plist */,
			);
			path = bathymetryTests;
			sourceTree = "<group>";
		};
		E64FDEAA257D22D200B303C6 /* bathymetryUITests */ = {
			isa = PBXGroup;
			children = (
				E64FDEAB257D22D200B303C6 /* BathymetryUITests.swift */,
				E64FDEAD257D22D200B303C6 /* Info.plist */,
			);
			path = bathymetryUITests;
			sourceTree = "<group>";
		};
		E65CF4102590BB0A008A207C /* App */ = {
			isa = PBXGroup;
			children = (
				E64FDE8B257D22D200B303C6 /* AppView.swift */,
				E65CF4112590BB57008A207C /* AppState.swift */,
				E65CF4172590BBA9008A207C /* AppAction.swift */,
				E65CF41B2590BBFA008A207C /* AppEnvironment.swift */,
				E65CF41F2590BC78008A207C /* AppReducer.swift */,
			);
			path = App;
			sourceTree = "<group>";
		};
		E69BBD10257E50170048050C /* Preview Content */ = {
			isa = PBXGroup;
			children = (
				E69BBD11257E50170048050C /* Preview Assets.xcassets */,
			);
			path = "Preview Content";
			sourceTree = "<group>";
		};
		E6CB65BA25ADC35A00E9070A /* CoreData */ = {
			isa = PBXGroup;
			children = (
				E64FDE94257D22D200B303C6 /* CoreData.xcdatamodeld */,
				E6CB65BB25ADC3BD00E9070A /* CoreDataManager.swift */,
			);
			path = CoreData;
			sourceTree = "<group>";
		};
		E6DD5BAE25A08C7200860C4B /* Bathymetry */ = {
			isa = PBXGroup;
			children = (
				E6BDC3BD259600BF00184925 /* BathymetryClient.swift */,
				E63D2BF225A320CC00788375 /* BathymetryTile.swift */,
				E6171D5D25B0763B00161E28 /* Bathymetry.swift */,
			);
			path = Bathymetry;
			sourceTree = "<group>";
		};
		E6F1060C258A2DDB000DDD25 /* AR */ = {
			isa = PBXGroup;
			children = (
				E6F1060D258A2E05000DDD25 /* ARView.swift */,
				E6B2865F25A47B4600782955 /* ARBathymetryNode.swift */,
			);
			path = AR;
			sourceTree = "<group>";
		};
		E6FE7AB125823FBA00C47C2B /* Frameworks */ = {
			isa = PBXGroup;
			children = (
				E6203F84259205FA007C8FDA /* Mapbox.framework */,
				E6203F83259205FA007C8FDA /* MapboxMobileEvents.framework */,
			);
			path = Frameworks;
			sourceTree = "<group>";
		};
		E6FE7ABE25824AF000C47C2B /* Map */ = {
			isa = PBXGroup;
			children = (
				E6FE7ABF25824B2700C47C2B /* MapView.swift */,
			);
			path = Map;
			sourceTree = "<group>";
		};
/* End PBXGroup section */

/* Begin PBXNativeTarget section */
		E64FDE85257D22D200B303C6 /* bathymetry */ = {
			isa = PBXNativeTarget;
			buildConfigurationList = E64FDEB0257D22D200B303C6 /* Build configuration list for PBXNativeTarget "bathymetry" */;
			buildPhases = (
				E64FDE82257D22D200B303C6 /* Sources */,
				E64FDE83257D22D200B303C6 /* Frameworks */,
				E64FDE84257D22D200B303C6 /* Resources */,
				E61F780725878D74001EDAC5 /* Run Script */,
				E612C2D5258CCF700093FBC4 /* Embed Frameworks */,
			);
			buildRules = (
			);
			dependencies = (
			);
			name = bathymetry;
			packageProductDependencies = (
				E6A63801257E4D2200751BF5 /* Alamofire */,
				E6F8C1F425811ED70051E68F /* ComposableArchitecture */,
				E6F10616258A3068000DDD25 /* ARCL */,
				E6E065242590CBB50032B6C8 /* GEOSwift */,
				E61F4B75259F5E7A00E19A44 /* geos */,
				E684122425A9D70400186A13 /* Euclid */,
				E684122925A9E9A700186A13 /* iShapeTriangulation */,
				E60348D325AF2622004402B2 /* FirebaseAnalytics */,
				E60348D525AF2622004402B2 /* FirebaseMessaging */,
				E60348D725AF2622004402B2 /* FirebaseCrashlytics */,
				E6171D5925B0574900161E28 /* Contentful */,
			);
			productName = bathymetry;
			productReference = E64FDE86257D22D200B303C6 /* Bathymetry.app */;
			productType = "com.apple.product-type.application";
		};
		E64FDE9B257D22D200B303C6 /* bathymetryTests */ = {
			isa = PBXNativeTarget;
			buildConfigurationList = E64FDEB3257D22D200B303C6 /* Build configuration list for PBXNativeTarget "bathymetryTests" */;
			buildPhases = (
				E64FDE98257D22D200B303C6 /* Sources */,
				E64FDE99257D22D200B303C6 /* Frameworks */,
				E64FDE9A257D22D200B303C6 /* Resources */,
			);
			buildRules = (
			);
			dependencies = (
				E64FDE9E257D22D200B303C6 /* PBXTargetDependency */,
			);
			name = bathymetryTests;
			productName = bathymetryTests;
			productReference = E64FDE9C257D22D200B303C6 /* bathymetryTests.xctest */;
			productType = "com.apple.product-type.bundle.unit-test";
		};
		E64FDEA6257D22D200B303C6 /* bathymetryUITests */ = {
			isa = PBXNativeTarget;
			buildConfigurationList = E64FDEB6257D22D200B303C6 /* Build configuration list for PBXNativeTarget "bathymetryUITests" */;
			buildPhases = (
				E64FDEA3257D22D200B303C6 /* Sources */,
				E64FDEA4257D22D200B303C6 /* Frameworks */,
				E64FDEA5257D22D200B303C6 /* Resources */,
			);
			buildRules = (
			);
			dependencies = (
				E64FDEA9257D22D200B303C6 /* PBXTargetDependency */,
			);
			name = bathymetryUITests;
			productName = bathymetryUITests;
			productReference = E64FDEA7257D22D200B303C6 /* bathymetryUITests.xctest */;
			productType = "com.apple.product-type.bundle.ui-testing";
		};
/* End PBXNativeTarget section */

/* Begin PBXProject section */
		E64FDE7E257D22D200B303C6 /* Project object */ = {
			isa = PBXProject;
			attributes = {
				LastSwiftUpdateCheck = 1220;
				LastUpgradeCheck = 1220;
				TargetAttributes = {
					E64FDE85257D22D200B303C6 = {
						CreatedOnToolsVersion = 12.2;
					};
					E64FDE9B257D22D200B303C6 = {
						CreatedOnToolsVersion = 12.2;
						TestTargetID = E64FDE85257D22D200B303C6;
					};
					E64FDEA6257D22D200B303C6 = {
						CreatedOnToolsVersion = 12.2;
						TestTargetID = E64FDE85257D22D200B303C6;
					};
				};
			};
			buildConfigurationList = E64FDE81257D22D200B303C6 /* Build configuration list for PBXProject "bathymetry" */;
			compatibilityVersion = "Xcode 9.3";
			developmentRegion = en;
			hasScannedForEncodings = 0;
			knownRegions = (
				en,
				Base,
			);
			mainGroup = E64FDE7D257D22D200B303C6;
			packageReferences = (
				E6A63800257E4D2200751BF5 /* XCRemoteSwiftPackageReference "Alamofire" */,
				E6F8C1F325811ED70051E68F /* XCRemoteSwiftPackageReference "swift-composable-architecture" */,
				E6F10615258A3068000DDD25 /* XCRemoteSwiftPackageReference "ARKit-CoreLocation" */,
				E6E065232590CBB50032B6C8 /* XCRemoteSwiftPackageReference "GEOSwift" */,
				E6E065282590CCAC0032B6C8 /* XCRemoteSwiftPackageReference "geos" */,
				E684122325A9D70400186A13 /* XCRemoteSwiftPackageReference "Euclid" */,
				E684122825A9E9A700186A13 /* XCRemoteSwiftPackageReference "iShapeTriangulation" */,
				E60348D225AF2622004402B2 /* XCRemoteSwiftPackageReference "firebase-ios-sdk" */,
				E6171D5825B0574900161E28 /* XCRemoteSwiftPackageReference "contentful" */,
			);
			productRefGroup = E64FDE87257D22D200B303C6 /* Products */;
			projectDirPath = "";
			projectRoot = "";
			targets = (
				E64FDE85257D22D200B303C6 /* bathymetry */,
				E64FDE9B257D22D200B303C6 /* bathymetryTests */,
				E64FDEA6257D22D200B303C6 /* bathymetryUITests */,
			);
		};
/* End PBXProject section */

/* Begin PBXResourcesBuildPhase section */
		E64FDE84257D22D200B303C6 /* Resources */ = {
			isa = PBXResourcesBuildPhase;
			buildActionMask = 2147483647;
			files = (
				E6171D7625B0A5D600161E28 /* Contentful-Info.plist in Resources */,
				E69BBD12257E50170048050C /* Preview Assets.xcassets in Resources */,
				E64FDE8E257D22D200B303C6 /* Assets.xcassets in Resources */,
				E63D2C0F25A326A700788375 /* GoogleService-Info.plist in Resources */,
				E6DED60F25A3444D0065B6D7 /* Mapbox-Info.plist in Resources */,
			);
			runOnlyForDeploymentPostprocessing = 0;
		};
		E64FDE9A257D22D200B303C6 /* Resources */ = {
			isa = PBXResourcesBuildPhase;
			buildActionMask = 2147483647;
			files = (
			);
			runOnlyForDeploymentPostprocessing = 0;
		};
		E64FDEA5257D22D200B303C6 /* Resources */ = {
			isa = PBXResourcesBuildPhase;
			buildActionMask = 2147483647;
			files = (
			);
			runOnlyForDeploymentPostprocessing = 0;
		};
/* End PBXResourcesBuildPhase section */

/* Begin PBXShellScriptBuildPhase section */
		E61F780725878D74001EDAC5 /* Run Script */ = {
			isa = PBXShellScriptBuildPhase;
			buildActionMask = 2147483647;
			files = (
			);
			inputFileListPaths = (
			);
			inputPaths = (
			);
			name = "Run Script";
			outputFileListPaths = (
			);
			outputPaths = (
			);
			runOnlyForDeploymentPostprocessing = 0;
			shellPath = /bin/sh;
			shellScript = "if which swiftlint >/dev/null; then\n  swiftlint lint .swiftlint.yml\nelse\n  echo \"warning: SwiftLint not installed, download from https://github.com/realm/SwiftLint\"\nfi\n";
		};
/* End PBXShellScriptBuildPhase section */

/* Begin PBXSourcesBuildPhase section */
		E64FDE82257D22D200B303C6 /* Sources */ = {
			isa = PBXSourcesBuildPhase;
			buildActionMask = 2147483647;
			files = (
				E698A33025976A2D00596795 /* MGLAnnotation+GEOSwift.swift in Sources */,
				E6BDC3BE259600BF00184925 /* BathymetryClient.swift in Sources */,
				E65CF4182590BBA9008A207C /* AppAction.swift in Sources */,
				E6F1060E258A2E05000DDD25 /* ARView.swift in Sources */,
				E63D2C4025A33F4A00788375 /* MGLFillStyleLayer+BathymetryTile.swift in Sources */,
				E64FDE96257D22D200B303C6 /* CoreData.xcdatamodeld in Sources */,
				E65CF4202590BC78008A207C /* AppReducer.swift in Sources */,
				E63D2BF325A320CC00788375 /* BathymetryTile.swift in Sources */,
				E6FE7AC025824B2700C47C2B /* MapView.swift in Sources */,
				E65CF4122590BB57008A207C /* AppState.swift in Sources */,
				E6171D5E25B0763B00161E28 /* Bathymetry.swift in Sources */,
				E6B2866025A47B4600782955 /* ARBathymetryNode.swift in Sources */,
				E63D2C3C25A33E7D00788375 /* MGLShapeSource+BathymetryTile.swift in Sources */,
				E65CF41C2590BBFA008A207C /* AppEnvironment.swift in Sources */,
				E64FDE8C257D22D200B303C6 /* AppView.swift in Sources */,
				E6CB65BC25ADC3BD00E9070A /* CoreDataManager.swift in Sources */,
				E64FDE8A257D22D200B303C6 /* BathymetryApp.swift in Sources */,
			);
			runOnlyForDeploymentPostprocessing = 0;
		};
		E64FDE98257D22D200B303C6 /* Sources */ = {
			isa = PBXSourcesBuildPhase;
			buildActionMask = 2147483647;
			files = (
				E64FDEA1257D22D200B303C6 /* BathymetryTests.swift in Sources */,
			);
			runOnlyForDeploymentPostprocessing = 0;
		};
		E64FDEA3257D22D200B303C6 /* Sources */ = {
			isa = PBXSourcesBuildPhase;
			buildActionMask = 2147483647;
			files = (
				E64FDEAC257D22D200B303C6 /* BathymetryUITests.swift in Sources */,
			);
			runOnlyForDeploymentPostprocessing = 0;
		};
/* End PBXSourcesBuildPhase section */

/* Begin PBXTargetDependency section */
		E64FDE9E257D22D200B303C6 /* PBXTargetDependency */ = {
			isa = PBXTargetDependency;
			target = E64FDE85257D22D200B303C6 /* bathymetry */;
			targetProxy = E64FDE9D257D22D200B303C6 /* PBXContainerItemProxy */;
		};
		E64FDEA9257D22D200B303C6 /* PBXTargetDependency */ = {
			isa = PBXTargetDependency;
			target = E64FDE85257D22D200B303C6 /* bathymetry */;
			targetProxy = E64FDEA8257D22D200B303C6 /* PBXContainerItemProxy */;
		};
/* End PBXTargetDependency section */

/* Begin XCBuildConfiguration section */
		E64FDEAE257D22D200B303C6 /* Debug */ = {
			isa = XCBuildConfiguration;
			buildSettings = {
				ALWAYS_SEARCH_USER_PATHS = NO;
				ARCHS = "$(ARCHS_STANDARD)";
				CLANG_ANALYZER_NONNULL = YES;
				CLANG_ANALYZER_NUMBER_OBJECT_CONVERSION = YES_AGGRESSIVE;
				CLANG_CXX_LANGUAGE_STANDARD = "gnu++14";
				CLANG_CXX_LIBRARY = "libc++";
				CLANG_ENABLE_MODULES = YES;
				CLANG_ENABLE_OBJC_ARC = YES;
				CLANG_ENABLE_OBJC_WEAK = YES;
				CLANG_WARN_BLOCK_CAPTURE_AUTORELEASING = YES;
				CLANG_WARN_BOOL_CONVERSION = YES;
				CLANG_WARN_COMMA = YES;
				CLANG_WARN_CONSTANT_CONVERSION = YES;
				CLANG_WARN_DEPRECATED_OBJC_IMPLEMENTATIONS = YES;
				CLANG_WARN_DIRECT_OBJC_ISA_USAGE = YES_ERROR;
				CLANG_WARN_DOCUMENTATION_COMMENTS = YES;
				CLANG_WARN_EMPTY_BODY = YES;
				CLANG_WARN_ENUM_CONVERSION = YES;
				CLANG_WARN_INFINITE_RECURSION = YES;
				CLANG_WARN_INT_CONVERSION = YES;
				CLANG_WARN_NON_LITERAL_NULL_CONVERSION = YES;
				CLANG_WARN_OBJC_IMPLICIT_RETAIN_SELF = YES;
				CLANG_WARN_OBJC_LITERAL_CONVERSION = YES;
				CLANG_WARN_OBJC_ROOT_CLASS = YES_ERROR;
				CLANG_WARN_QUOTED_INCLUDE_IN_FRAMEWORK_HEADER = YES;
				CLANG_WARN_RANGE_LOOP_ANALYSIS = YES;
				CLANG_WARN_STRICT_PROTOTYPES = YES;
				CLANG_WARN_SUSPICIOUS_MOVE = YES;
				CLANG_WARN_UNGUARDED_AVAILABILITY = YES_AGGRESSIVE;
				CLANG_WARN_UNREACHABLE_CODE = YES;
				CLANG_WARN__DUPLICATE_METHOD_MATCH = YES;
				COPY_PHASE_STRIP = NO;
				DEBUG_INFORMATION_FORMAT = dwarf;
				ENABLE_STRICT_OBJC_MSGSEND = YES;
				ENABLE_TESTABILITY = YES;
				EXCLUDED_ARCHS = "";
				GCC_C_LANGUAGE_STANDARD = gnu11;
				GCC_DYNAMIC_NO_PIC = NO;
				GCC_NO_COMMON_BLOCKS = YES;
				GCC_OPTIMIZATION_LEVEL = 0;
				GCC_PREPROCESSOR_DEFINITIONS = (
					"DEBUG=1",
					"$(inherited)",
				);
				GCC_WARN_64_TO_32_BIT_CONVERSION = YES;
				GCC_WARN_ABOUT_RETURN_TYPE = YES_ERROR;
				GCC_WARN_UNDECLARED_SELECTOR = YES;
				GCC_WARN_UNINITIALIZED_AUTOS = YES_AGGRESSIVE;
				GCC_WARN_UNUSED_FUNCTION = YES;
				GCC_WARN_UNUSED_VARIABLE = YES;
				IPHONEOS_DEPLOYMENT_TARGET = 14.0;
				MTL_ENABLE_DEBUG_INFO = INCLUDE_SOURCE;
				MTL_FAST_MATH = YES;
				ONLY_ACTIVE_ARCH = YES;
				SDKROOT = iphoneos;
				SWIFT_ACTIVE_COMPILATION_CONDITIONS = DEBUG;
				SWIFT_OPTIMIZATION_LEVEL = "-Onone";
			};
			name = Debug;
		};
		E64FDEAF257D22D200B303C6 /* Release */ = {
			isa = XCBuildConfiguration;
			buildSettings = {
				ALWAYS_SEARCH_USER_PATHS = NO;
				CLANG_ANALYZER_NONNULL = YES;
				CLANG_ANALYZER_NUMBER_OBJECT_CONVERSION = YES_AGGRESSIVE;
				CLANG_CXX_LANGUAGE_STANDARD = "gnu++14";
				CLANG_CXX_LIBRARY = "libc++";
				CLANG_ENABLE_MODULES = YES;
				CLANG_ENABLE_OBJC_ARC = YES;
				CLANG_ENABLE_OBJC_WEAK = YES;
				CLANG_WARN_BLOCK_CAPTURE_AUTORELEASING = YES;
				CLANG_WARN_BOOL_CONVERSION = YES;
				CLANG_WARN_COMMA = YES;
				CLANG_WARN_CONSTANT_CONVERSION = YES;
				CLANG_WARN_DEPRECATED_OBJC_IMPLEMENTATIONS = YES;
				CLANG_WARN_DIRECT_OBJC_ISA_USAGE = YES_ERROR;
				CLANG_WARN_DOCUMENTATION_COMMENTS = YES;
				CLANG_WARN_EMPTY_BODY = YES;
				CLANG_WARN_ENUM_CONVERSION = YES;
				CLANG_WARN_INFINITE_RECURSION = YES;
				CLANG_WARN_INT_CONVERSION = YES;
				CLANG_WARN_NON_LITERAL_NULL_CONVERSION = YES;
				CLANG_WARN_OBJC_IMPLICIT_RETAIN_SELF = YES;
				CLANG_WARN_OBJC_LITERAL_CONVERSION = YES;
				CLANG_WARN_OBJC_ROOT_CLASS = YES_ERROR;
				CLANG_WARN_QUOTED_INCLUDE_IN_FRAMEWORK_HEADER = YES;
				CLANG_WARN_RANGE_LOOP_ANALYSIS = YES;
				CLANG_WARN_STRICT_PROTOTYPES = YES;
				CLANG_WARN_SUSPICIOUS_MOVE = YES;
				CLANG_WARN_UNGUARDED_AVAILABILITY = YES_AGGRESSIVE;
				CLANG_WARN_UNREACHABLE_CODE = YES;
				CLANG_WARN__DUPLICATE_METHOD_MATCH = YES;
				COPY_PHASE_STRIP = NO;
				DEBUG_INFORMATION_FORMAT = "dwarf-with-dsym";
				ENABLE_NS_ASSERTIONS = NO;
				ENABLE_STRICT_OBJC_MSGSEND = YES;
				GCC_C_LANGUAGE_STANDARD = gnu11;
				GCC_NO_COMMON_BLOCKS = YES;
				GCC_WARN_64_TO_32_BIT_CONVERSION = YES;
				GCC_WARN_ABOUT_RETURN_TYPE = YES_ERROR;
				GCC_WARN_UNDECLARED_SELECTOR = YES;
				GCC_WARN_UNINITIALIZED_AUTOS = YES_AGGRESSIVE;
				GCC_WARN_UNUSED_FUNCTION = YES;
				GCC_WARN_UNUSED_VARIABLE = YES;
				IPHONEOS_DEPLOYMENT_TARGET = 14.0;
				MTL_ENABLE_DEBUG_INFO = NO;
				MTL_FAST_MATH = YES;
				SDKROOT = iphoneos;
				SWIFT_COMPILATION_MODE = wholemodule;
				SWIFT_OPTIMIZATION_LEVEL = "-O";
				VALIDATE_PRODUCT = YES;
			};
			name = Release;
		};
		E64FDEB1257D22D200B303C6 /* Debug */ = {
			isa = XCBuildConfiguration;
			buildSettings = {
				ARCHS = "$(ARCHS_STANDARD)";
				ASSETCATALOG_COMPILER_APPICON_NAME = AppIcon;
				ASSETCATALOG_COMPILER_GLOBAL_ACCENT_COLOR_NAME = AccentColor;
				CODE_SIGN_STYLE = Automatic;
				CURRENT_PROJECT_VERSION = 1.0;
				DEVELOPMENT_ASSET_PATHS = "\"bathymetry/Preview Content\"";
				DEVELOPMENT_TEAM = 6RYZ4RB738;
				ENABLE_BITCODE = YES;
				ENABLE_PREVIEWS = YES;
				EXCLUDED_ARCHS = "";
				FRAMEWORK_SEARCH_PATHS = (
					"$(inherited)",
					"$(PROJECT_DIR)/Frameworks",
				);
				INFOPLIST_FILE = bathymetry/Info.plist;
				IPHONEOS_DEPLOYMENT_TARGET = 14.0;
				LD_RUNPATH_SEARCH_PATHS = (
					"$(inherited)",
					"@executable_path/Frameworks",
				);
				MARKETING_VERSION = 1.0;
				PRODUCT_BUNDLE_IDENTIFIER = org.kenzan8000.bathymetry;
				PRODUCT_NAME = Bathymetry;
				SWIFT_VERSION = 5.0;
				TARGETED_DEVICE_FAMILY = 1;
				VALIDATE_WORKSPACE = YES;
			};
			name = Debug;
		};
		E64FDEB2257D22D200B303C6 /* Release */ = {
			isa = XCBuildConfiguration;
			buildSettings = {
				ASSETCATALOG_COMPILER_APPICON_NAME = AppIcon;
				ASSETCATALOG_COMPILER_GLOBAL_ACCENT_COLOR_NAME = AccentColor;
				CODE_SIGN_STYLE = Automatic;
				CURRENT_PROJECT_VERSION = 1.0;
				DEVELOPMENT_ASSET_PATHS = "\"bathymetry/Preview Content\"";
				DEVELOPMENT_TEAM = 6RYZ4RB738;
				ENABLE_BITCODE = YES;
				ENABLE_PREVIEWS = YES;
				FRAMEWORK_SEARCH_PATHS = (
					"$(inherited)",
					"$(PROJECT_DIR)/Frameworks",
				);
				INFOPLIST_FILE = bathymetry/Info.plist;
				IPHONEOS_DEPLOYMENT_TARGET = 14.0;
				LD_RUNPATH_SEARCH_PATHS = (
					"$(inherited)",
					"@executable_path/Frameworks",
				);
				MARKETING_VERSION = 1.0;
				PRODUCT_BUNDLE_IDENTIFIER = org.kenzan8000.bathymetry;
				PRODUCT_NAME = Bathymetry;
				SWIFT_VERSION = 5.0;
				TARGETED_DEVICE_FAMILY = 1;
				VALIDATE_WORKSPACE = YES;
			};
			name = Release;
		};
		E64FDEB4257D22D200B303C6 /* Debug */ = {
			isa = XCBuildConfiguration;
			buildSettings = {
				ALWAYS_EMBED_SWIFT_STANDARD_LIBRARIES = YES;
				BUNDLE_LOADER = "$(TEST_HOST)";
				CODE_SIGN_STYLE = Automatic;
				DEVELOPMENT_TEAM = 6RYZ4RB738;
				INFOPLIST_FILE = bathymetryTests/Info.plist;
				IPHONEOS_DEPLOYMENT_TARGET = 14.0;
				LD_RUNPATH_SEARCH_PATHS = (
					"$(inherited)",
					"@executable_path/Frameworks",
					"@loader_path/Frameworks",
				);
				PRODUCT_BUNDLE_IDENTIFIER = org.kenzan8000.bathymetryTests;
				PRODUCT_NAME = "$(TARGET_NAME)";
				SWIFT_VERSION = 5.0;
				TARGETED_DEVICE_FAMILY = "1,2";
				TEST_HOST = "$(BUILT_PRODUCTS_DIR)/bathymetry.app/bathymetry";
			};
			name = Debug;
		};
		E64FDEB5257D22D200B303C6 /* Release */ = {
			isa = XCBuildConfiguration;
			buildSettings = {
				ALWAYS_EMBED_SWIFT_STANDARD_LIBRARIES = YES;
				BUNDLE_LOADER = "$(TEST_HOST)";
				CODE_SIGN_STYLE = Automatic;
				DEVELOPMENT_TEAM = 6RYZ4RB738;
				INFOPLIST_FILE = bathymetryTests/Info.plist;
				IPHONEOS_DEPLOYMENT_TARGET = 14.0;
				LD_RUNPATH_SEARCH_PATHS = (
					"$(inherited)",
					"@executable_path/Frameworks",
					"@loader_path/Frameworks",
				);
				PRODUCT_BUNDLE_IDENTIFIER = org.kenzan8000.bathymetryTests;
				PRODUCT_NAME = "$(TARGET_NAME)";
				SWIFT_VERSION = 5.0;
				TARGETED_DEVICE_FAMILY = "1,2";
				TEST_HOST = "$(BUILT_PRODUCTS_DIR)/bathymetry.app/bathymetry";
			};
			name = Release;
		};
		E64FDEB7257D22D200B303C6 /* Debug */ = {
			isa = XCBuildConfiguration;
			buildSettings = {
				ALWAYS_EMBED_SWIFT_STANDARD_LIBRARIES = YES;
				CODE_SIGN_STYLE = Automatic;
				DEVELOPMENT_TEAM = 6RYZ4RB738;
				INFOPLIST_FILE = bathymetryUITests/Info.plist;
				LD_RUNPATH_SEARCH_PATHS = (
					"$(inherited)",
					"@executable_path/Frameworks",
					"@loader_path/Frameworks",
				);
				PRODUCT_BUNDLE_IDENTIFIER = org.kenzan8000.bathymetryUITests;
				PRODUCT_NAME = "$(TARGET_NAME)";
				SWIFT_VERSION = 5.0;
				TARGETED_DEVICE_FAMILY = "1,2";
				TEST_TARGET_NAME = bathymetry;
			};
			name = Debug;
		};
		E64FDEB8257D22D200B303C6 /* Release */ = {
			isa = XCBuildConfiguration;
			buildSettings = {
				ALWAYS_EMBED_SWIFT_STANDARD_LIBRARIES = YES;
				CODE_SIGN_STYLE = Automatic;
				DEVELOPMENT_TEAM = 6RYZ4RB738;
				INFOPLIST_FILE = bathymetryUITests/Info.plist;
				LD_RUNPATH_SEARCH_PATHS = (
					"$(inherited)",
					"@executable_path/Frameworks",
					"@loader_path/Frameworks",
				);
				PRODUCT_BUNDLE_IDENTIFIER = org.kenzan8000.bathymetryUITests;
				PRODUCT_NAME = "$(TARGET_NAME)";
				SWIFT_VERSION = 5.0;
				TARGETED_DEVICE_FAMILY = "1,2";
				TEST_TARGET_NAME = bathymetry;
			};
			name = Release;
		};
/* End XCBuildConfiguration section */

/* Begin XCConfigurationList section */
		E64FDE81257D22D200B303C6 /* Build configuration list for PBXProject "bathymetry" */ = {
			isa = XCConfigurationList;
			buildConfigurations = (
				E64FDEAE257D22D200B303C6 /* Debug */,
				E64FDEAF257D22D200B303C6 /* Release */,
			);
			defaultConfigurationIsVisible = 0;
			defaultConfigurationName = Release;
		};
		E64FDEB0257D22D200B303C6 /* Build configuration list for PBXNativeTarget "bathymetry" */ = {
			isa = XCConfigurationList;
			buildConfigurations = (
				E64FDEB1257D22D200B303C6 /* Debug */,
				E64FDEB2257D22D200B303C6 /* Release */,
			);
			defaultConfigurationIsVisible = 0;
			defaultConfigurationName = Release;
		};
		E64FDEB3257D22D200B303C6 /* Build configuration list for PBXNativeTarget "bathymetryTests" */ = {
			isa = XCConfigurationList;
			buildConfigurations = (
				E64FDEB4257D22D200B303C6 /* Debug */,
				E64FDEB5257D22D200B303C6 /* Release */,
			);
			defaultConfigurationIsVisible = 0;
			defaultConfigurationName = Release;
		};
		E64FDEB6257D22D200B303C6 /* Build configuration list for PBXNativeTarget "bathymetryUITests" */ = {
			isa = XCConfigurationList;
			buildConfigurations = (
				E64FDEB7257D22D200B303C6 /* Debug */,
				E64FDEB8257D22D200B303C6 /* Release */,
			);
			defaultConfigurationIsVisible = 0;
			defaultConfigurationName = Release;
		};
/* End XCConfigurationList section */

/* Begin XCRemoteSwiftPackageReference section */
		E60348D225AF2622004402B2 /* XCRemoteSwiftPackageReference "firebase-ios-sdk" */ = {
			isa = XCRemoteSwiftPackageReference;
			repositoryURL = "https://github.com/firebase/firebase-ios-sdk.git";
			requirement = {
				kind = upToNextMajorVersion;
				minimumVersion = 7.4.0;
			};
		};
		E6171D5825B0574900161E28 /* XCRemoteSwiftPackageReference "contentful" */ = {
			isa = XCRemoteSwiftPackageReference;
			repositoryURL = "https://github.com/contentful/contentful.swift";
			requirement = {
				kind = upToNextMajorVersion;
				minimumVersion = 5.4.1;
			};
		};
		E684122325A9D70400186A13 /* XCRemoteSwiftPackageReference "Euclid" */ = {
			isa = XCRemoteSwiftPackageReference;
			repositoryURL = "https://github.com/nicklockwood/Euclid.git";
			requirement = {
				kind = upToNextMajorVersion;
				minimumVersion = 0.3.6;
			};
		};
		E684122825A9E9A700186A13 /* XCRemoteSwiftPackageReference "iShapeTriangulation" */ = {
			isa = XCRemoteSwiftPackageReference;
			repositoryURL = "https://github.com/iShape-Swift/iShapeTriangulation.git";
			requirement = {
				kind = upToNextMajorVersion;
				minimumVersion = 0.13.0;
			};
		};
		E6A63800257E4D2200751BF5 /* XCRemoteSwiftPackageReference "Alamofire" */ = {
			isa = XCRemoteSwiftPackageReference;
			repositoryURL = "https://github.com/Alamofire/Alamofire.git";
			requirement = {
				kind = upToNextMajorVersion;
				minimumVersion = 5.4.0;
			};
		};
		E6E065232590CBB50032B6C8 /* XCRemoteSwiftPackageReference "GEOSwift" */ = {
			isa = XCRemoteSwiftPackageReference;
			repositoryURL = "https://github.com/GEOSwift/GEOSwift.git";
			requirement = {
				kind = upToNextMajorVersion;
				minimumVersion = 7.2.0;
			};
		};
		E6E065282590CCAC0032B6C8 /* XCRemoteSwiftPackageReference "geos" */ = {
			isa = XCRemoteSwiftPackageReference;
			repositoryURL = "https://github.com/GEOSwift/geos.git";
			requirement = {
				kind = upToNextMajorVersion;
				minimumVersion = 5.1.0;
			};
		};
		E6F10615258A3068000DDD25 /* XCRemoteSwiftPackageReference "ARKit-CoreLocation" */ = {
			isa = XCRemoteSwiftPackageReference;
			repositoryURL = "https://github.com/ProjectDent/ARKit-CoreLocation.git";
			requirement = {
				kind = upToNextMajorVersion;
				minimumVersion = 1.3.0;
			};
		};
		E6F8C1F325811ED70051E68F /* XCRemoteSwiftPackageReference "swift-composable-architecture" */ = {
			isa = XCRemoteSwiftPackageReference;
			repositoryURL = "https://github.com/pointfreeco/swift-composable-architecture";
			requirement = {
				kind = upToNextMajorVersion;
				minimumVersion = 0.9.0;
			};
		};
/* End XCRemoteSwiftPackageReference section */

/* Begin XCSwiftPackageProductDependency section */
		E60348D325AF2622004402B2 /* FirebaseAnalytics */ = {
			isa = XCSwiftPackageProductDependency;
			package = E60348D225AF2622004402B2 /* XCRemoteSwiftPackageReference "firebase-ios-sdk" */;
			productName = FirebaseAnalytics;
		};
		E60348D525AF2622004402B2 /* FirebaseMessaging */ = {
			isa = XCSwiftPackageProductDependency;
			package = E60348D225AF2622004402B2 /* XCRemoteSwiftPackageReference "firebase-ios-sdk" */;
			productName = FirebaseMessaging;
		};
		E60348D725AF2622004402B2 /* FirebaseCrashlytics */ = {
			isa = XCSwiftPackageProductDependency;
			package = E60348D225AF2622004402B2 /* XCRemoteSwiftPackageReference "firebase-ios-sdk" */;
			productName = FirebaseCrashlytics;
		};
		E6171D5925B0574900161E28 /* Contentful */ = {
			isa = XCSwiftPackageProductDependency;
			package = E6171D5825B0574900161E28 /* XCRemoteSwiftPackageReference "contentful" */;
			productName = Contentful;
		};
		E61F4B75259F5E7A00E19A44 /* geos */ = {
			isa = XCSwiftPackageProductDependency;
			package = E6E065282590CCAC0032B6C8 /* XCRemoteSwiftPackageReference "geos" */;
			productName = geos;
		};
		E684122425A9D70400186A13 /* Euclid */ = {
			isa = XCSwiftPackageProductDependency;
			package = E684122325A9D70400186A13 /* XCRemoteSwiftPackageReference "Euclid" */;
			productName = Euclid;
		};
		E684122925A9E9A700186A13 /* iShapeTriangulation */ = {
			isa = XCSwiftPackageProductDependency;
			package = E684122825A9E9A700186A13 /* XCRemoteSwiftPackageReference "iShapeTriangulation" */;
			productName = iShapeTriangulation;
		};
		E6A63801257E4D2200751BF5 /* Alamofire */ = {
			isa = XCSwiftPackageProductDependency;
			package = E6A63800257E4D2200751BF5 /* XCRemoteSwiftPackageReference "Alamofire" */;
			productName = Alamofire;
		};
		E6E065242590CBB50032B6C8 /* GEOSwift */ = {
			isa = XCSwiftPackageProductDependency;
			package = E6E065232590CBB50032B6C8 /* XCRemoteSwiftPackageReference "GEOSwift" */;
			productName = GEOSwift;
		};
		E6F10616258A3068000DDD25 /* ARCL */ = {
			isa = XCSwiftPackageProductDependency;
			package = E6F10615258A3068000DDD25 /* XCRemoteSwiftPackageReference "ARKit-CoreLocation" */;
			productName = ARCL;
		};
		E6F8C1F425811ED70051E68F /* ComposableArchitecture */ = {
			isa = XCSwiftPackageProductDependency;
			package = E6F8C1F325811ED70051E68F /* XCRemoteSwiftPackageReference "swift-composable-architecture" */;
			productName = ComposableArchitecture;
		};
/* End XCSwiftPackageProductDependency section */

/* Begin XCVersionGroup section */
		E64FDE94257D22D200B303C6 /* CoreData.xcdatamodeld */ = {
			isa = XCVersionGroup;
			children = (
				E64FDE95257D22D200B303C6 /* Bathymetry.xcdatamodel */,
			);
			currentVersion = E64FDE95257D22D200B303C6 /* Bathymetry.xcdatamodel */;
			path = CoreData.xcdatamodeld;
			sourceTree = "<group>";
			versionGroupType = wrapper.xcdatamodel;
		};
/* End XCVersionGroup section */
	};
	rootObject = E64FDE7E257D22D200B303C6 /* Project object */;
}
